// !$*UTF8*$!
{
	archiveVersion = 1;
	classes = {
	};
	objectVersion = 46;
	objects = {

/* Begin PBXBuildFile section */
		830778681B9E7BC7002AF0FD /* ManagementCell.m in Sources */ = {isa = PBXBuildFile; fileRef = 830778661B9E7BC7002AF0FD /* ManagementCell.m */; };
		830778691B9E7BC7002AF0FD /* ManagementCell.xib in Resources */ = {isa = PBXBuildFile; fileRef = 830778671B9E7BC7002AF0FD /* ManagementCell.xib */; };
		834728D31B8C0D8C005B72F9 /* SettingViewController.m in Sources */ = {isa = PBXBuildFile; fileRef = 834728D21B8C0D8C005B72F9 /* SettingViewController.m */; };
		834728E71B8C51C6005B72F9 /* ChangePasswordController.m in Sources */ = {isa = PBXBuildFile; fileRef = 834728E01B8C51C6005B72F9 /* ChangePasswordController.m */; };
		834728E81B8C51C6005B72F9 /* findBackPwViewController.m in Sources */ = {isa = PBXBuildFile; fileRef = 834728E21B8C51C6005B72F9 /* findBackPwViewController.m */; };
		834728E91B8C51C6005B72F9 /* findBackPwViewController.xib in Resources */ = {isa = PBXBuildFile; fileRef = 834728E31B8C51C6005B72F9 /* findBackPwViewController.xib */; };
		834728EA1B8C51C6005B72F9 /* LoginViewController.m in Sources */ = {isa = PBXBuildFile; fileRef = 834728E51B8C51C6005B72F9 /* LoginViewController.m */; };
		834728EB1B8C51C6005B72F9 /* LoginViewController.xib in Resources */ = {isa = PBXBuildFile; fileRef = 834728E61B8C51C6005B72F9 /* LoginViewController.xib */; };
		834728EF1B8C66B3005B72F9 /* FMButton.m in Sources */ = {isa = PBXBuildFile; fileRef = 834728EE1B8C66B3005B72F9 /* FMButton.m */; };
		834728F21B8C6F61005B72F9 /* PushViewController.m in Sources */ = {isa = PBXBuildFile; fileRef = 834728F11B8C6F61005B72F9 /* PushViewController.m */; };
		83497D031BB38A47001E5DB7 /* OrdorModel.m in Sources */ = {isa = PBXBuildFile; fileRef = 83497D021BB38A47001E5DB7 /* OrdorModel.m */; };
		83497D061BB38D8B001E5DB7 /* GoodModel.m in Sources */ = {isa = PBXBuildFile; fileRef = 83497D051BB38D8B001E5DB7 /* GoodModel.m */; };
		834D13CA1BB518C000893120 /* MCController.m in Sources */ = {isa = PBXBuildFile; fileRef = 834D13C91BB518C000893120 /* MCController.m */; };
		834D13CD1BB518EC00893120 /* MessageTableViewCell.m in Sources */ = {isa = PBXBuildFile; fileRef = 834D13CC1BB518EC00893120 /* MessageTableViewCell.m */; };
		834D13D01BB5191C00893120 /* MessageFrame.m in Sources */ = {isa = PBXBuildFile; fileRef = 834D13CF1BB5191C00893120 /* MessageFrame.m */; };
		834D13D31BB5194200893120 /* Message.m in Sources */ = {isa = PBXBuildFile; fileRef = 834D13D21BB5194200893120 /* Message.m */; };
		8354C0111BAD267900A51EB9 /* MenListModel.m in Sources */ = {isa = PBXBuildFile; fileRef = 8354C0101BAD267900A51EB9 /* MenListModel.m */; };
		836B3AC51B8C077E00813281 /* InfoPlist.strings in Resources */ = {isa = PBXBuildFile; fileRef = 836B3AC41B8C077E00813281 /* InfoPlist.strings */; };
		836CEAD61B9C2B48005074DA /* HTResultData.m in Sources */ = {isa = PBXBuildFile; fileRef = 836CEAD51B9C2B48005074DA /* HTResultData.m */; };
		836CEAD91B9C2BE7005074DA /* HTupData.m in Sources */ = {isa = PBXBuildFile; fileRef = 836CEAD81B9C2BE7005074DA /* HTupData.m */; };
		8372E4201BA2BA27007146BD /* MJRefresh.bundle in Resources */ = {isa = PBXBuildFile; fileRef = 8372E4101BA2BA27007146BD /* MJRefresh.bundle */; };
		8372E4211BA2BA27007146BD /* MJRefreshBaseView.m in Sources */ = {isa = PBXBuildFile; fileRef = 8372E4131BA2BA27007146BD /* MJRefreshBaseView.m */; };
		8372E4221BA2BA27007146BD /* MJRefreshConst.m in Sources */ = {isa = PBXBuildFile; fileRef = 8372E4151BA2BA27007146BD /* MJRefreshConst.m */; };
		8372E4231BA2BA27007146BD /* MJRefreshFooterView.m in Sources */ = {isa = PBXBuildFile; fileRef = 8372E4171BA2BA27007146BD /* MJRefreshFooterView.m */; };
		8372E4241BA2BA27007146BD /* MJRefreshHeaderView.m in Sources */ = {isa = PBXBuildFile; fileRef = 8372E4191BA2BA27007146BD /* MJRefreshHeaderView.m */; };
		8372E4251BA2BA27007146BD /* UIScrollView+MJExtension.m in Sources */ = {isa = PBXBuildFile; fileRef = 8372E41B1BA2BA27007146BD /* UIScrollView+MJExtension.m */; };
		8372E4261BA2BA27007146BD /* UIScrollView+MJRefresh.m in Sources */ = {isa = PBXBuildFile; fileRef = 8372E41D1BA2BA27007146BD /* UIScrollView+MJRefresh.m */; };
		8372E4271BA2BA27007146BD /* UIView+MJExtension.m in Sources */ = {isa = PBXBuildFile; fileRef = 8372E41F1BA2BA27007146BD /* UIView+MJExtension.m */; };
		83737D1E1BA7AFAA000BD2D4 /* OrdorController.m in Sources */ = {isa = PBXBuildFile; fileRef = 83737D1D1BA7AFAA000BD2D4 /* OrdorController.m */; };
		83737D221BA7B4AC000BD2D4 /* OrdorCell.m in Sources */ = {isa = PBXBuildFile; fileRef = 83737D201BA7B4AC000BD2D4 /* OrdorCell.m */; };
		83737D231BA7B4AC000BD2D4 /* OrdorCell.xib in Resources */ = {isa = PBXBuildFile; fileRef = 83737D211BA7B4AC000BD2D4 /* OrdorCell.xib */; };
		83737D261BA7B7AD000BD2D4 /* HeadView.m in Sources */ = {isa = PBXBuildFile; fileRef = 83737D251BA7B7AD000BD2D4 /* HeadView.m */; };
		83737D2A1BA7B8F0000BD2D4 /* HeadView.xib in Resources */ = {isa = PBXBuildFile; fileRef = 83737D291BA7B8F0000BD2D4 /* HeadView.xib */; };
		83737D2D1BA7BA3B000BD2D4 /* FootView.m in Sources */ = {isa = PBXBuildFile; fileRef = 83737D2C1BA7BA3B000BD2D4 /* FootView.m */; };
		83737D2F1BA7BA4B000BD2D4 /* FootView.xib in Resources */ = {isa = PBXBuildFile; fileRef = 83737D2E1BA7BA4B000BD2D4 /* FootView.xib */; };
		83737D321BA816C6000BD2D4 /* NewFootView.m in Sources */ = {isa = PBXBuildFile; fileRef = 83737D311BA816C6000BD2D4 /* NewFootView.m */; };
		83737D341BA816E4000BD2D4 /* NewFootView.xib in Resources */ = {isa = PBXBuildFile; fileRef = 83737D331BA816E4000BD2D4 /* NewFootView.xib */; };
		838895C61BAAAFC1008408AE /* SaleModel.m in Sources */ = {isa = PBXBuildFile; fileRef = 838895C51BAAAFC1008408AE /* SaleModel.m */; };
		8389FA0A1B8D59940003FCDE /* AmendController.m in Sources */ = {isa = PBXBuildFile; fileRef = 8389FA091B8D59940003FCDE /* AmendController.m */; };
		8389FA0D1B8D5A380003FCDE /* DescribeController.m in Sources */ = {isa = PBXBuildFile; fileRef = 8389FA0C1B8D5A380003FCDE /* DescribeController.m */; };
		8389FA111B8D86710003FCDE /* WebController.m in Sources */ = {isa = PBXBuildFile; fileRef = 8389FA101B8D86710003FCDE /* WebController.m */; };
		839E6E041BA95B910084A08D /* NewOrdorCell.m in Sources */ = {isa = PBXBuildFile; fileRef = 839E6E021BA95B910084A08D /* NewOrdorCell.m */; };
		839E6E051BA95B910084A08D /* NewOrdorCell.xib in Resources */ = {isa = PBXBuildFile; fileRef = 839E6E031BA95B910084A08D /* NewOrdorCell.xib */; };
		839E6E081BA96C590084A08D /* OrdorListModel.m in Sources */ = {isa = PBXBuildFile; fileRef = 839E6E071BA96C590084A08D /* OrdorListModel.m */; };
		83AA7FBC1BC789F200EF5919 /* FeedBackViewController.m in Sources */ = {isa = PBXBuildFile; fileRef = 83AA7FBA1BC789F200EF5919 /* FeedBackViewController.m */; };
		83AA7FBD1BC789F200EF5919 /* FeedBackViewController.xib in Resources */ = {isa = PBXBuildFile; fileRef = 83AA7FBB1BC789F200EF5919 /* FeedBackViewController.xib */; };
		83B4F2AC1BA66263009D6631 /* NewTodayModel.m in Sources */ = {isa = PBXBuildFile; fileRef = 83B4F2AB1BA66263009D6631 /* NewTodayModel.m */; };
		83B4F2B01BA6B47F009D6631 /* MoreDataModel.m in Sources */ = {isa = PBXBuildFile; fileRef = 83B4F2AF1BA6B47F009D6631 /* MoreDataModel.m */; };
		83CA64891B8AC3BB008B5461 /* ManagementModel.m in Sources */ = {isa = PBXBuildFile; fileRef = 83CA64881B8AC3BB008B5461 /* ManagementModel.m */; };
		83CA648C1B8AC4E1008B5461 /* ManagementController.m in Sources */ = {isa = PBXBuildFile; fileRef = 83CA648B1B8AC4E1008B5461 /* ManagementController.m */; };
		83D390871B9DB92800879569 /* MoreDataViewController.m in Sources */ = {isa = PBXBuildFile; fileRef = 83D390861B9DB92800879569 /* MoreDataViewController.m */; };
		83D3EDFA1B93EA2900454A0E /* UIViewController+NAV.m in Sources */ = {isa = PBXBuildFile; fileRef = 83D3EDF91B93EA2900454A0E /* UIViewController+NAV.m */; };
		83D4572C1B8AA7910027D452 /* UserLoginTool.m in Sources */ = {isa = PBXBuildFile; fileRef = 83D4572B1B8AA7910027D452 /* UserLoginTool.m */; };
		83FC6F1E1BCF3C5E00962602 /* HTTopTenGoodCell.xib in Resources */ = {isa = PBXBuildFile; fileRef = 83FC6F1D1BCF3C5E00962602 /* HTTopTenGoodCell.xib */; };
		E61CE6EC4EBF197C9E132636 /* libPods.a in Frameworks */ = {isa = PBXBuildFile; fileRef = 8D16C2F2959A3DD8CCC1A8D4 /* libPods.a */; };
		EF0790A91B9DAF5A0007C3D3 /* HTToJudgeLoginFlag.m in Sources */ = {isa = PBXBuildFile; fileRef = EF0790A81B9DAF5A0007C3D3 /* HTToJudgeLoginFlag.m */; };
		EF61A08D1B93E4B00008A82C /* HTUser.m in Sources */ = {isa = PBXBuildFile; fileRef = EF61A08C1B93E4B00008A82C /* HTUser.m */; };
		EF61A0901B93E8C50008A82C /* HTGlobal.m in Sources */ = {isa = PBXBuildFile; fileRef = EF61A08F1B93E8C50008A82C /* HTGlobal.m */; };
		EF61A0C31B93F3FE0008A82C /* MJArgument.m in Sources */ = {isa = PBXBuildFile; fileRef = EF61A0AD1B93F3FE0008A82C /* MJArgument.m */; };
		EF61A0C41B93F3FE0008A82C /* MJConst.m in Sources */ = {isa = PBXBuildFile; fileRef = EF61A0AF1B93F3FE0008A82C /* MJConst.m */; };
		EF61A0C51B93F3FE0008A82C /* MJFoundation.m in Sources */ = {isa = PBXBuildFile; fileRef = EF61A0B21B93F3FE0008A82C /* MJFoundation.m */; };
		EF61A0C61B93F3FE0008A82C /* MJIvar.m in Sources */ = {isa = PBXBuildFile; fileRef = EF61A0B41B93F3FE0008A82C /* MJIvar.m */; };
		EF61A0C71B93F3FE0008A82C /* MJMember.m in Sources */ = {isa = PBXBuildFile; fileRef = EF61A0B61B93F3FE0008A82C /* MJMember.m */; };
		EF61A0C81B93F3FE0008A82C /* MJMethod.m in Sources */ = {isa = PBXBuildFile; fileRef = EF61A0B81B93F3FE0008A82C /* MJMethod.m */; };
		EF61A0C91B93F3FE0008A82C /* MJType.m in Sources */ = {isa = PBXBuildFile; fileRef = EF61A0BA1B93F3FE0008A82C /* MJType.m */; };
		EF61A0CA1B93F3FE0008A82C /* MJTypeEncoding.m in Sources */ = {isa = PBXBuildFile; fileRef = EF61A0BC1B93F3FE0008A82C /* MJTypeEncoding.m */; };
		EF61A0CB1B93F3FE0008A82C /* NSObject+MJCoding.m in Sources */ = {isa = PBXBuildFile; fileRef = EF61A0BE1B93F3FE0008A82C /* NSObject+MJCoding.m */; };
		EF61A0CC1B93F3FE0008A82C /* NSObject+MJKeyValue.m in Sources */ = {isa = PBXBuildFile; fileRef = EF61A0C01B93F3FE0008A82C /* NSObject+MJKeyValue.m */; };
		EF61A0CD1B93F3FE0008A82C /* NSObject+MJMember.m in Sources */ = {isa = PBXBuildFile; fileRef = EF61A0C21B93F3FE0008A82C /* NSObject+MJMember.m */; };
		EF6A82CE1BB27689005094B1 /* HTBaseModel.m in Sources */ = {isa = PBXBuildFile; fileRef = EF6A82CD1BB27689005094B1 /* HTBaseModel.m */; };
		EF6A82D11BB289F0005094B1 /* HTXiaoShouModel.m in Sources */ = {isa = PBXBuildFile; fileRef = EF6A82D01BB289F0005094B1 /* HTXiaoShouModel.m */; };
		EF6AB17F1B87241900C9F114 /* main.m in Sources */ = {isa = PBXBuildFile; fileRef = EF6AB17E1B87241900C9F114 /* main.m */; };
		EF6AB1821B87241900C9F114 /* AppDelegate.m in Sources */ = {isa = PBXBuildFile; fileRef = EF6AB1811B87241900C9F114 /* AppDelegate.m */; };
		EF6AB1851B87241A00C9F114 /* ViewController.m in Sources */ = {isa = PBXBuildFile; fileRef = EF6AB1841B87241A00C9F114 /* ViewController.m */; };
		EF6AB1881B87241A00C9F114 /* Main.storyboard in Resources */ = {isa = PBXBuildFile; fileRef = EF6AB1861B87241A00C9F114 /* Main.storyboard */; };
		EF6AB18A1B87241A00C9F114 /* Images.xcassets in Resources */ = {isa = PBXBuildFile; fileRef = EF6AB1891B87241A00C9F114 /* Images.xcassets */; };
		EF6AB18D1B87241A00C9F114 /* LaunchScreen.xib in Resources */ = {isa = PBXBuildFile; fileRef = EF6AB18B1B87241A00C9F114 /* LaunchScreen.xib */; };
		EF6AB1991B87241A00C9F114 /* HuoBanMallTests.m in Sources */ = {isa = PBXBuildFile; fileRef = EF6AB1981B87241A00C9F114 /* HuoBanMallTests.m */; };
		EF6B32AF1B9044AA00A6B46D /* HTHuoBanNavgationViewController.m in Sources */ = {isa = PBXBuildFile; fileRef = EF6B32AE1B9044AA00A6B46D /* HTHuoBanNavgationViewController.m */; };
		EF6B32B81B904B2B00A6B46D /* HTHomeViewController.m in Sources */ = {isa = PBXBuildFile; fileRef = EF6B32B71B904B2B00A6B46D /* HTHomeViewController.m */; };
		EF73D1691B8BFAB6004A7B37 /* NSData+NSDataDeal.m in Sources */ = {isa = PBXBuildFile; fileRef = EF73D15E1B8BFAB6004A7B37 /* NSData+NSDataDeal.m */; };
		EF73D16A1B8BFAB6004A7B37 /* NSDictionary+EXTERN.m in Sources */ = {isa = PBXBuildFile; fileRef = EF73D1601B8BFAB6004A7B37 /* NSDictionary+EXTERN.m */; };
		EF73D16B1B8BFAB6004A7B37 /* NSString+EXTERN.m in Sources */ = {isa = PBXBuildFile; fileRef = EF73D1621B8BFAB6004A7B37 /* NSString+EXTERN.m */; };
		EF73D16C1B8BFAB6004A7B37 /* UITableView+CJ.m in Sources */ = {isa = PBXBuildFile; fileRef = EF73D1641B8BFAB6004A7B37 /* UITableView+CJ.m */; };
		EF73D16D1B8BFAB6004A7B37 /* UITextField+HT.m in Sources */ = {isa = PBXBuildFile; fileRef = EF73D1661B8BFAB6004A7B37 /* UITextField+HT.m */; };
		EF73D1771B8C0103004A7B37 /* Base64Util.m in Sources */ = {isa = PBXBuildFile; fileRef = EF73D1711B8C0103004A7B37 /* Base64Util.m */; };
		EF73D1781B8C0103004A7B37 /* GTMBase64.m in Sources */ = {isa = PBXBuildFile; fileRef = EF73D1731B8C0103004A7B37 /* GTMBase64.m */; };
		EF73D1791B8C0103004A7B37 /* MD5Encryption.m in Sources */ = {isa = PBXBuildFile; fileRef = EF73D1761B8C0103004A7B37 /* MD5Encryption.m */; };
		EF73D17B1B8C02A0004A7B37 /* cityCode.plist in Resources */ = {isa = PBXBuildFile; fileRef = EF73D17A1B8C02A0004A7B37 /* cityCode.plist */; };
		EF78598D1BA7AE4E002A0626 /* OrderManagerDetailsController.m in Sources */ = {isa = PBXBuildFile; fileRef = EF78598C1BA7AE4E002A0626 /* OrderManagerDetailsController.m */; };
		EF7859901BA7B0EC002A0626 /* HTOrderDetail.m in Sources */ = {isa = PBXBuildFile; fileRef = EF78598F1BA7B0EC002A0626 /* HTOrderDetail.m */; };
		EF7859931BA7BB0B002A0626 /* HTOrderDetailModel.m in Sources */ = {isa = PBXBuildFile; fileRef = EF7859921BA7BB0B002A0626 /* HTOrderDetailModel.m */; };
		EF7859971BA7F366002A0626 /* HTMidOrderCell.m in Sources */ = {isa = PBXBuildFile; fileRef = EF7859951BA7F366002A0626 /* HTMidOrderCell.m */; };
		EF7859981BA7F366002A0626 /* HTMidOrderCell.xib in Resources */ = {isa = PBXBuildFile; fileRef = EF7859961BA7F366002A0626 /* HTMidOrderCell.xib */; };
		EF78599B1BA81A32002A0626 /* HTStatisticsController.m in Sources */ = {isa = PBXBuildFile; fileRef = EF78599A1BA81A32002A0626 /* HTStatisticsController.m */; };
		EF78599E1BA8FE26002A0626 /* HTTStatisticCell.m in Sources */ = {isa = PBXBuildFile; fileRef = EF78599D1BA8FE26002A0626 /* HTTStatisticCell.m */; };
		EF7859A11BA904AE002A0626 /* HTStatisticsModel.m in Sources */ = {isa = PBXBuildFile; fileRef = EF7859A01BA904AE002A0626 /* HTStatisticsModel.m */; };
		EF7859A41BA939D1002A0626 /* HTCheckLogisticsController.m in Sources */ = {isa = PBXBuildFile; fileRef = EF7859A31BA939D1002A0626 /* HTCheckLogisticsController.m */; };
		EF7859A81BA93A5F002A0626 /* ExpressCompany.m in Sources */ = {isa = PBXBuildFile; fileRef = EF7859A61BA93A5F002A0626 /* ExpressCompany.m */; };
		EF7859A91BA93A5F002A0626 /* ExpressCompany.xib in Resources */ = {isa = PBXBuildFile; fileRef = EF7859A71BA93A5F002A0626 /* ExpressCompany.xib */; };
		EF7C4C4A1BAD347400DB4ABD /* HTXQFLCell.m in Sources */ = {isa = PBXBuildFile; fileRef = EF7C4C481BAD347400DB4ABD /* HTXQFLCell.m */; };
		EF7C4C4B1BAD347400DB4ABD /* HTXQFLCell.xib in Resources */ = {isa = PBXBuildFile; fileRef = EF7C4C491BAD347400DB4ABD /* HTXQFLCell.xib */; };
		EF8B72E31BB3C93C00B9105B /* HTWuliuModel.m in Sources */ = {isa = PBXBuildFile; fileRef = EF8B72E21BB3C93C00B9105B /* HTWuliuModel.m */; };
		EF8B72E61BB3CAFA00B9105B /* HTWuLiuStatus.m in Sources */ = {isa = PBXBuildFile; fileRef = EF8B72E51BB3CAFA00B9105B /* HTWuLiuStatus.m */; };
		EF8B72E91BB3F41100B9105B /* HTJiFenModel.m in Sources */ = {isa = PBXBuildFile; fileRef = EF8B72E81BB3F41100B9105B /* HTJiFenModel.m */; };
		EF8B72EC1BB4181100B9105B /* HTTopTenModel.m in Sources */ = {isa = PBXBuildFile; fileRef = EF8B72EB1BB4181100B9105B /* HTTopTenModel.m */; };
		EF98A8271BAC35DD0087BB60 /* HTTopTenGoodsController.m in Sources */ = {isa = PBXBuildFile; fileRef = EF98A8261BAC35DD0087BB60 /* HTTopTenGoodsController.m */; };
		EF98A82A1BAC36E00087BB60 /* HTTopTenGoodCell.m in Sources */ = {isa = PBXBuildFile; fileRef = EF98A8291BAC36E00087BB60 /* HTTopTenGoodCell.m */; };
		EFB67CC81B8B0C5A0037547A /* HTDataStatisViewController.m in Sources */ = {isa = PBXBuildFile; fileRef = EFB67CC71B8B0C5A0037547A /* HTDataStatisViewController.m */; };
/* End PBXBuildFile section */

/* Begin PBXContainerItemProxy section */
		EF6AB1931B87241A00C9F114 /* PBXContainerItemProxy */ = {
			isa = PBXContainerItemProxy;
			containerPortal = EF6AB1711B87241900C9F114 /* Project object */;
			proxyType = 1;
			remoteGlobalIDString = EF6AB1781B87241900C9F114;
			remoteInfo = HuoBanMall;
		};
/* End PBXContainerItemProxy section */

/* Begin PBXFileReference section */
		012BCF5BA04A81A24BCFD345 /* Pods.release.xcconfig */ = {isa = PBXFileReference; includeInIndex = 1; lastKnownFileType = text.xcconfig; name = Pods.release.xcconfig; path = "Pods/Target Support Files/Pods/Pods.release.xcconfig"; sourceTree = "<group>"; };
		1590A519FFB44B2DB48962BD /* Pods.debug.xcconfig */ = {isa = PBXFileReference; includeInIndex = 1; lastKnownFileType = text.xcconfig; name = Pods.debug.xcconfig; path = "Pods/Target Support Files/Pods/Pods.debug.xcconfig"; sourceTree = "<group>"; };
		830778651B9E7BC7002AF0FD /* ManagementCell.h */ = {isa = PBXFileReference; fileEncoding = 4; lastKnownFileType = sourcecode.c.h; path = ManagementCell.h; sourceTree = "<group>"; };
		830778661B9E7BC7002AF0FD /* ManagementCell.m */ = {isa = PBXFileReference; fileEncoding = 4; lastKnownFileType = sourcecode.c.objc; path = ManagementCell.m; sourceTree = "<group>"; };
		830778671B9E7BC7002AF0FD /* ManagementCell.xib */ = {isa = PBXFileReference; fileEncoding = 4; lastKnownFileType = file.xib; path = ManagementCell.xib; sourceTree = "<group>"; };
		834728D11B8C0D8C005B72F9 /* SettingViewController.h */ = {isa = PBXFileReference; fileEncoding = 4; lastKnownFileType = sourcecode.c.h; path = SettingViewController.h; sourceTree = "<group>"; };
		834728D21B8C0D8C005B72F9 /* SettingViewController.m */ = {isa = PBXFileReference; fileEncoding = 4; lastKnownFileType = sourcecode.c.objc; path = SettingViewController.m; sourceTree = "<group>"; };
		834728DF1B8C51C6005B72F9 /* ChangePasswordController.h */ = {isa = PBXFileReference; fileEncoding = 4; lastKnownFileType = sourcecode.c.h; path = ChangePasswordController.h; sourceTree = "<group>"; };
		834728E01B8C51C6005B72F9 /* ChangePasswordController.m */ = {isa = PBXFileReference; fileEncoding = 4; lastKnownFileType = sourcecode.c.objc; path = ChangePasswordController.m; sourceTree = "<group>"; };
		834728E11B8C51C6005B72F9 /* findBackPwViewController.h */ = {isa = PBXFileReference; fileEncoding = 4; lastKnownFileType = sourcecode.c.h; path = findBackPwViewController.h; sourceTree = "<group>"; };
		834728E21B8C51C6005B72F9 /* findBackPwViewController.m */ = {isa = PBXFileReference; fileEncoding = 4; lastKnownFileType = sourcecode.c.objc; path = findBackPwViewController.m; sourceTree = "<group>"; };
		834728E31B8C51C6005B72F9 /* findBackPwViewController.xib */ = {isa = PBXFileReference; fileEncoding = 4; lastKnownFileType = file.xib; path = findBackPwViewController.xib; sourceTree = "<group>"; };
		834728E41B8C51C6005B72F9 /* LoginViewController.h */ = {isa = PBXFileReference; fileEncoding = 4; lastKnownFileType = sourcecode.c.h; path = LoginViewController.h; sourceTree = "<group>"; };
		834728E51B8C51C6005B72F9 /* LoginViewController.m */ = {isa = PBXFileReference; fileEncoding = 4; lastKnownFileType = sourcecode.c.objc; path = LoginViewController.m; sourceTree = "<group>"; };
		834728E61B8C51C6005B72F9 /* LoginViewController.xib */ = {isa = PBXFileReference; fileEncoding = 4; lastKnownFileType = file.xib; path = LoginViewController.xib; sourceTree = "<group>"; };
		834728ED1B8C66B3005B72F9 /* FMButton.h */ = {isa = PBXFileReference; fileEncoding = 4; lastKnownFileType = sourcecode.c.h; path = FMButton.h; sourceTree = "<group>"; };
		834728EE1B8C66B3005B72F9 /* FMButton.m */ = {isa = PBXFileReference; fileEncoding = 4; lastKnownFileType = sourcecode.c.objc; path = FMButton.m; sourceTree = "<group>"; };
		834728F01B8C6F61005B72F9 /* PushViewController.h */ = {isa = PBXFileReference; fileEncoding = 4; lastKnownFileType = sourcecode.c.h; path = PushViewController.h; sourceTree = "<group>"; };
		834728F11B8C6F61005B72F9 /* PushViewController.m */ = {isa = PBXFileReference; fileEncoding = 4; lastKnownFileType = sourcecode.c.objc; path = PushViewController.m; sourceTree = "<group>"; };
		83497D011BB38A47001E5DB7 /* OrdorModel.h */ = {isa = PBXFileReference; fileEncoding = 4; lastKnownFileType = sourcecode.c.h; path = OrdorModel.h; sourceTree = "<group>"; };
		83497D021BB38A47001E5DB7 /* OrdorModel.m */ = {isa = PBXFileReference; fileEncoding = 4; lastKnownFileType = sourcecode.c.objc; path = OrdorModel.m; sourceTree = "<group>"; };
		83497D041BB38D8B001E5DB7 /* GoodModel.h */ = {isa = PBXFileReference; fileEncoding = 4; lastKnownFileType = sourcecode.c.h; path = GoodModel.h; sourceTree = "<group>"; };
		83497D051BB38D8B001E5DB7 /* GoodModel.m */ = {isa = PBXFileReference; fileEncoding = 4; lastKnownFileType = sourcecode.c.objc; path = GoodModel.m; sourceTree = "<group>"; };
		834D13C81BB518C000893120 /* MCController.h */ = {isa = PBXFileReference; fileEncoding = 4; lastKnownFileType = sourcecode.c.h; path = MCController.h; sourceTree = "<group>"; };
		834D13C91BB518C000893120 /* MCController.m */ = {isa = PBXFileReference; fileEncoding = 4; lastKnownFileType = sourcecode.c.objc; path = MCController.m; sourceTree = "<group>"; };
		834D13CB1BB518EC00893120 /* MessageTableViewCell.h */ = {isa = PBXFileReference; fileEncoding = 4; lastKnownFileType = sourcecode.c.h; path = MessageTableViewCell.h; sourceTree = "<group>"; };
		834D13CC1BB518EC00893120 /* MessageTableViewCell.m */ = {isa = PBXFileReference; fileEncoding = 4; lastKnownFileType = sourcecode.c.objc; path = MessageTableViewCell.m; sourceTree = "<group>"; };
		834D13CE1BB5191C00893120 /* MessageFrame.h */ = {isa = PBXFileReference; fileEncoding = 4; lastKnownFileType = sourcecode.c.h; path = MessageFrame.h; sourceTree = "<group>"; };
		834D13CF1BB5191C00893120 /* MessageFrame.m */ = {isa = PBXFileReference; fileEncoding = 4; lastKnownFileType = sourcecode.c.objc; path = MessageFrame.m; sourceTree = "<group>"; };
		834D13D11BB5194200893120 /* Message.h */ = {isa = PBXFileReference; fileEncoding = 4; lastKnownFileType = sourcecode.c.h; path = Message.h; sourceTree = "<group>"; };
		834D13D21BB5194200893120 /* Message.m */ = {isa = PBXFileReference; fileEncoding = 4; lastKnownFileType = sourcecode.c.objc; path = Message.m; sourceTree = "<group>"; };
		8354C00F1BAD267900A51EB9 /* MenListModel.h */ = {isa = PBXFileReference; fileEncoding = 4; lastKnownFileType = sourcecode.c.h; path = MenListModel.h; sourceTree = "<group>"; };
		8354C0101BAD267900A51EB9 /* MenListModel.m */ = {isa = PBXFileReference; fileEncoding = 4; lastKnownFileType = sourcecode.c.objc; path = MenListModel.m; sourceTree = "<group>"; };
		836B3AC41B8C077E00813281 /* InfoPlist.strings */ = {isa = PBXFileReference; fileEncoding = 4; lastKnownFileType = text.plist.strings; path = InfoPlist.strings; sourceTree = "<group>"; };
		836CEAD41B9C2B48005074DA /* HTResultData.h */ = {isa = PBXFileReference; fileEncoding = 4; lastKnownFileType = sourcecode.c.h; path = HTResultData.h; sourceTree = "<group>"; };
		836CEAD51B9C2B48005074DA /* HTResultData.m */ = {isa = PBXFileReference; fileEncoding = 4; lastKnownFileType = sourcecode.c.objc; path = HTResultData.m; sourceTree = "<group>"; };
		836CEAD71B9C2BE7005074DA /* HTupData.h */ = {isa = PBXFileReference; fileEncoding = 4; lastKnownFileType = sourcecode.c.h; path = HTupData.h; sourceTree = "<group>"; };
		836CEAD81B9C2BE7005074DA /* HTupData.m */ = {isa = PBXFileReference; fileEncoding = 4; lastKnownFileType = sourcecode.c.objc; path = HTupData.m; sourceTree = "<group>"; };
		8372E4101BA2BA27007146BD /* MJRefresh.bundle */ = {isa = PBXFileReference; lastKnownFileType = "wrapper.plug-in"; path = MJRefresh.bundle; sourceTree = "<group>"; };
		8372E4111BA2BA27007146BD /* MJRefresh.h */ = {isa = PBXFileReference; fileEncoding = 4; lastKnownFileType = sourcecode.c.h; path = MJRefresh.h; sourceTree = "<group>"; };
		8372E4121BA2BA27007146BD /* MJRefreshBaseView.h */ = {isa = PBXFileReference; fileEncoding = 4; lastKnownFileType = sourcecode.c.h; path = MJRefreshBaseView.h; sourceTree = "<group>"; };
		8372E4131BA2BA27007146BD /* MJRefreshBaseView.m */ = {isa = PBXFileReference; fileEncoding = 4; lastKnownFileType = sourcecode.c.objc; path = MJRefreshBaseView.m; sourceTree = "<group>"; };
		8372E4141BA2BA27007146BD /* MJRefreshConst.h */ = {isa = PBXFileReference; fileEncoding = 4; lastKnownFileType = sourcecode.c.h; path = MJRefreshConst.h; sourceTree = "<group>"; };
		8372E4151BA2BA27007146BD /* MJRefreshConst.m */ = {isa = PBXFileReference; fileEncoding = 4; lastKnownFileType = sourcecode.c.objc; path = MJRefreshConst.m; sourceTree = "<group>"; };
		8372E4161BA2BA27007146BD /* MJRefreshFooterView.h */ = {isa = PBXFileReference; fileEncoding = 4; lastKnownFileType = sourcecode.c.h; path = MJRefreshFooterView.h; sourceTree = "<group>"; };
		8372E4171BA2BA27007146BD /* MJRefreshFooterView.m */ = {isa = PBXFileReference; fileEncoding = 4; lastKnownFileType = sourcecode.c.objc; path = MJRefreshFooterView.m; sourceTree = "<group>"; };
		8372E4181BA2BA27007146BD /* MJRefreshHeaderView.h */ = {isa = PBXFileReference; fileEncoding = 4; lastKnownFileType = sourcecode.c.h; path = MJRefreshHeaderView.h; sourceTree = "<group>"; };
		8372E4191BA2BA27007146BD /* MJRefreshHeaderView.m */ = {isa = PBXFileReference; fileEncoding = 4; lastKnownFileType = sourcecode.c.objc; path = MJRefreshHeaderView.m; sourceTree = "<group>"; };
		8372E41A1BA2BA27007146BD /* UIScrollView+MJExtension.h */ = {isa = PBXFileReference; fileEncoding = 4; lastKnownFileType = sourcecode.c.h; path = "UIScrollView+MJExtension.h"; sourceTree = "<group>"; };
		8372E41B1BA2BA27007146BD /* UIScrollView+MJExtension.m */ = {isa = PBXFileReference; fileEncoding = 4; lastKnownFileType = sourcecode.c.objc; path = "UIScrollView+MJExtension.m"; sourceTree = "<group>"; };
		8372E41C1BA2BA27007146BD /* UIScrollView+MJRefresh.h */ = {isa = PBXFileReference; fileEncoding = 4; lastKnownFileType = sourcecode.c.h; path = "UIScrollView+MJRefresh.h"; sourceTree = "<group>"; };
		8372E41D1BA2BA27007146BD /* UIScrollView+MJRefresh.m */ = {isa = PBXFileReference; fileEncoding = 4; lastKnownFileType = sourcecode.c.objc; path = "UIScrollView+MJRefresh.m"; sourceTree = "<group>"; };
		8372E41E1BA2BA27007146BD /* UIView+MJExtension.h */ = {isa = PBXFileReference; fileEncoding = 4; lastKnownFileType = sourcecode.c.h; path = "UIView+MJExtension.h"; sourceTree = "<group>"; };
		8372E41F1BA2BA27007146BD /* UIView+MJExtension.m */ = {isa = PBXFileReference; fileEncoding = 4; lastKnownFileType = sourcecode.c.objc; path = "UIView+MJExtension.m"; sourceTree = "<group>"; };
		83737D1C1BA7AFAA000BD2D4 /* OrdorController.h */ = {isa = PBXFileReference; fileEncoding = 4; lastKnownFileType = sourcecode.c.h; path = OrdorController.h; sourceTree = "<group>"; };
		83737D1D1BA7AFAA000BD2D4 /* OrdorController.m */ = {isa = PBXFileReference; fileEncoding = 4; lastKnownFileType = sourcecode.c.objc; path = OrdorController.m; sourceTree = "<group>"; };
		83737D1F1BA7B4AC000BD2D4 /* OrdorCell.h */ = {isa = PBXFileReference; fileEncoding = 4; lastKnownFileType = sourcecode.c.h; path = OrdorCell.h; sourceTree = "<group>"; };
		83737D201BA7B4AC000BD2D4 /* OrdorCell.m */ = {isa = PBXFileReference; fileEncoding = 4; lastKnownFileType = sourcecode.c.objc; path = OrdorCell.m; sourceTree = "<group>"; };
		83737D211BA7B4AC000BD2D4 /* OrdorCell.xib */ = {isa = PBXFileReference; fileEncoding = 4; lastKnownFileType = file.xib; path = OrdorCell.xib; sourceTree = "<group>"; };
		83737D241BA7B7AD000BD2D4 /* HeadView.h */ = {isa = PBXFileReference; fileEncoding = 4; lastKnownFileType = sourcecode.c.h; path = HeadView.h; sourceTree = "<group>"; };
		83737D251BA7B7AD000BD2D4 /* HeadView.m */ = {isa = PBXFileReference; fileEncoding = 4; lastKnownFileType = sourcecode.c.objc; path = HeadView.m; sourceTree = "<group>"; };
		83737D291BA7B8F0000BD2D4 /* HeadView.xib */ = {isa = PBXFileReference; fileEncoding = 4; lastKnownFileType = file.xib; path = HeadView.xib; sourceTree = "<group>"; };
		83737D2B1BA7BA3B000BD2D4 /* FootView.h */ = {isa = PBXFileReference; fileEncoding = 4; lastKnownFileType = sourcecode.c.h; path = FootView.h; sourceTree = "<group>"; };
		83737D2C1BA7BA3B000BD2D4 /* FootView.m */ = {isa = PBXFileReference; fileEncoding = 4; lastKnownFileType = sourcecode.c.objc; path = FootView.m; sourceTree = "<group>"; };
		83737D2E1BA7BA4B000BD2D4 /* FootView.xib */ = {isa = PBXFileReference; fileEncoding = 4; lastKnownFileType = file.xib; path = FootView.xib; sourceTree = "<group>"; };
		83737D301BA816C6000BD2D4 /* NewFootView.h */ = {isa = PBXFileReference; fileEncoding = 4; lastKnownFileType = sourcecode.c.h; path = NewFootView.h; sourceTree = "<group>"; };
		83737D311BA816C6000BD2D4 /* NewFootView.m */ = {isa = PBXFileReference; fileEncoding = 4; lastKnownFileType = sourcecode.c.objc; path = NewFootView.m; sourceTree = "<group>"; };
		83737D331BA816E4000BD2D4 /* NewFootView.xib */ = {isa = PBXFileReference; fileEncoding = 4; lastKnownFileType = file.xib; path = NewFootView.xib; sourceTree = "<group>"; };
		838895C41BAAAFC1008408AE /* SaleModel.h */ = {isa = PBXFileReference; fileEncoding = 4; lastKnownFileType = sourcecode.c.h; path = SaleModel.h; sourceTree = "<group>"; };
		838895C51BAAAFC1008408AE /* SaleModel.m */ = {isa = PBXFileReference; fileEncoding = 4; lastKnownFileType = sourcecode.c.objc; path = SaleModel.m; sourceTree = "<group>"; };
		8389FA081B8D59940003FCDE /* AmendController.h */ = {isa = PBXFileReference; fileEncoding = 4; lastKnownFileType = sourcecode.c.h; path = AmendController.h; sourceTree = "<group>"; };
		8389FA091B8D59940003FCDE /* AmendController.m */ = {isa = PBXFileReference; fileEncoding = 4; lastKnownFileType = sourcecode.c.objc; path = AmendController.m; sourceTree = "<group>"; };
		8389FA0B1B8D5A380003FCDE /* DescribeController.h */ = {isa = PBXFileReference; fileEncoding = 4; lastKnownFileType = sourcecode.c.h; path = DescribeController.h; sourceTree = "<group>"; };
		8389FA0C1B8D5A380003FCDE /* DescribeController.m */ = {isa = PBXFileReference; fileEncoding = 4; lastKnownFileType = sourcecode.c.objc; path = DescribeController.m; sourceTree = "<group>"; };
		8389FA0F1B8D86710003FCDE /* WebController.h */ = {isa = PBXFileReference; fileEncoding = 4; lastKnownFileType = sourcecode.c.h; path = WebController.h; sourceTree = "<group>"; };
		8389FA101B8D86710003FCDE /* WebController.m */ = {isa = PBXFileReference; fileEncoding = 4; lastKnownFileType = sourcecode.c.objc; path = WebController.m; sourceTree = "<group>"; };
		839E6E011BA95B910084A08D /* NewOrdorCell.h */ = {isa = PBXFileReference; fileEncoding = 4; lastKnownFileType = sourcecode.c.h; path = NewOrdorCell.h; sourceTree = "<group>"; };
		839E6E021BA95B910084A08D /* NewOrdorCell.m */ = {isa = PBXFileReference; fileEncoding = 4; lastKnownFileType = sourcecode.c.objc; path = NewOrdorCell.m; sourceTree = "<group>"; };
		839E6E031BA95B910084A08D /* NewOrdorCell.xib */ = {isa = PBXFileReference; fileEncoding = 4; lastKnownFileType = file.xib; path = NewOrdorCell.xib; sourceTree = "<group>"; };
		839E6E061BA96C590084A08D /* OrdorListModel.h */ = {isa = PBXFileReference; fileEncoding = 4; lastKnownFileType = sourcecode.c.h; path = OrdorListModel.h; sourceTree = "<group>"; };
		839E6E071BA96C590084A08D /* OrdorListModel.m */ = {isa = PBXFileReference; fileEncoding = 4; lastKnownFileType = sourcecode.c.objc; path = OrdorListModel.m; sourceTree = "<group>"; };
		83AA7FB91BC789F200EF5919 /* FeedBackViewController.h */ = {isa = PBXFileReference; fileEncoding = 4; lastKnownFileType = sourcecode.c.h; path = FeedBackViewController.h; sourceTree = "<group>"; };
		83AA7FBA1BC789F200EF5919 /* FeedBackViewController.m */ = {isa = PBXFileReference; fileEncoding = 4; lastKnownFileType = sourcecode.c.objc; path = FeedBackViewController.m; sourceTree = "<group>"; };
		83AA7FBB1BC789F200EF5919 /* FeedBackViewController.xib */ = {isa = PBXFileReference; fileEncoding = 4; lastKnownFileType = file.xib; path = FeedBackViewController.xib; sourceTree = "<group>"; };
		83B4F2AA1BA66263009D6631 /* NewTodayModel.h */ = {isa = PBXFileReference; fileEncoding = 4; lastKnownFileType = sourcecode.c.h; name = NewTodayModel.h; path = "HuoBanMall/Classes/management（商品管理）/model/NewTodayModel.h"; sourceTree = SOURCE_ROOT; };
		83B4F2AB1BA66263009D6631 /* NewTodayModel.m */ = {isa = PBXFileReference; fileEncoding = 4; lastKnownFileType = sourcecode.c.objc; name = NewTodayModel.m; path = "HuoBanMall/Classes/management（商品管理）/model/NewTodayModel.m"; sourceTree = SOURCE_ROOT; };
		83B4F2AE1BA6B47F009D6631 /* MoreDataModel.h */ = {isa = PBXFileReference; fileEncoding = 4; lastKnownFileType = sourcecode.c.h; path = MoreDataModel.h; sourceTree = "<group>"; };
		83B4F2AF1BA6B47F009D6631 /* MoreDataModel.m */ = {isa = PBXFileReference; fileEncoding = 4; lastKnownFileType = sourcecode.c.objc; path = MoreDataModel.m; sourceTree = "<group>"; };
		83CA64871B8AC3BB008B5461 /* ManagementModel.h */ = {isa = PBXFileReference; fileEncoding = 4; lastKnownFileType = sourcecode.c.h; path = ManagementModel.h; sourceTree = "<group>"; };
		83CA64881B8AC3BB008B5461 /* ManagementModel.m */ = {isa = PBXFileReference; fileEncoding = 4; lastKnownFileType = sourcecode.c.objc; path = ManagementModel.m; sourceTree = "<group>"; };
		83CA648A1B8AC4E1008B5461 /* ManagementController.h */ = {isa = PBXFileReference; fileEncoding = 4; lastKnownFileType = sourcecode.c.h; path = ManagementController.h; sourceTree = "<group>"; };
		83CA648B1B8AC4E1008B5461 /* ManagementController.m */ = {isa = PBXFileReference; fileEncoding = 4; lastKnownFileType = sourcecode.c.objc; path = ManagementController.m; sourceTree = "<group>"; };
		83D390851B9DB92800879569 /* MoreDataViewController.h */ = {isa = PBXFileReference; fileEncoding = 4; lastKnownFileType = sourcecode.c.h; path = MoreDataViewController.h; sourceTree = "<group>"; };
		83D390861B9DB92800879569 /* MoreDataViewController.m */ = {isa = PBXFileReference; fileEncoding = 4; lastKnownFileType = sourcecode.c.objc; path = MoreDataViewController.m; sourceTree = "<group>"; };
		83D3EDF81B93EA2900454A0E /* UIViewController+NAV.h */ = {isa = PBXFileReference; fileEncoding = 4; lastKnownFileType = sourcecode.c.h; path = "UIViewController+NAV.h"; sourceTree = "<group>"; };
		83D3EDF91B93EA2900454A0E /* UIViewController+NAV.m */ = {isa = PBXFileReference; fileEncoding = 4; lastKnownFileType = sourcecode.c.objc; path = "UIViewController+NAV.m"; sourceTree = "<group>"; };
		83D4572A1B8AA7910027D452 /* UserLoginTool.h */ = {isa = PBXFileReference; fileEncoding = 4; lastKnownFileType = sourcecode.c.h; path = UserLoginTool.h; sourceTree = "<group>"; };
		83D4572B1B8AA7910027D452 /* UserLoginTool.m */ = {isa = PBXFileReference; fileEncoding = 4; indentWidth = 3; lastKnownFileType = sourcecode.c.objc; path = UserLoginTool.m; sourceTree = "<group>"; };
		83FC6F1D1BCF3C5E00962602 /* HTTopTenGoodCell.xib */ = {isa = PBXFileReference; fileEncoding = 4; lastKnownFileType = file.xib; path = HTTopTenGoodCell.xib; sourceTree = "<group>"; };
		8D16C2F2959A3DD8CCC1A8D4 /* libPods.a */ = {isa = PBXFileReference; explicitFileType = archive.ar; includeInIndex = 0; path = libPods.a; sourceTree = BUILT_PRODUCTS_DIR; };
		EF0790A71B9DAF5A0007C3D3 /* HTToJudgeLoginFlag.h */ = {isa = PBXFileReference; fileEncoding = 4; lastKnownFileType = sourcecode.c.h; path = HTToJudgeLoginFlag.h; sourceTree = "<group>"; };
		EF0790A81B9DAF5A0007C3D3 /* HTToJudgeLoginFlag.m */ = {isa = PBXFileReference; fileEncoding = 4; lastKnownFileType = sourcecode.c.objc; path = HTToJudgeLoginFlag.m; sourceTree = "<group>"; };
		EF61A08B1B93E4B00008A82C /* HTUser.h */ = {isa = PBXFileReference; fileEncoding = 4; lastKnownFileType = sourcecode.c.h; path = HTUser.h; sourceTree = "<group>"; };
		EF61A08C1B93E4B00008A82C /* HTUser.m */ = {isa = PBXFileReference; fileEncoding = 4; lastKnownFileType = sourcecode.c.objc; path = HTUser.m; sourceTree = "<group>"; };
		EF61A08E1B93E8C50008A82C /* HTGlobal.h */ = {isa = PBXFileReference; fileEncoding = 4; lastKnownFileType = sourcecode.c.h; path = HTGlobal.h; sourceTree = "<group>"; };
		EF61A08F1B93E8C50008A82C /* HTGlobal.m */ = {isa = PBXFileReference; fileEncoding = 4; lastKnownFileType = sourcecode.c.objc; path = HTGlobal.m; sourceTree = "<group>"; };
		EF61A0AC1B93F3FE0008A82C /* MJArgument.h */ = {isa = PBXFileReference; fileEncoding = 4; lastKnownFileType = sourcecode.c.h; path = MJArgument.h; sourceTree = "<group>"; };
		EF61A0AD1B93F3FE0008A82C /* MJArgument.m */ = {isa = PBXFileReference; fileEncoding = 4; lastKnownFileType = sourcecode.c.objc; path = MJArgument.m; sourceTree = "<group>"; };
		EF61A0AE1B93F3FE0008A82C /* MJConst.h */ = {isa = PBXFileReference; fileEncoding = 4; lastKnownFileType = sourcecode.c.h; path = MJConst.h; sourceTree = "<group>"; };
		EF61A0AF1B93F3FE0008A82C /* MJConst.m */ = {isa = PBXFileReference; fileEncoding = 4; lastKnownFileType = sourcecode.c.objc; path = MJConst.m; sourceTree = "<group>"; };
		EF61A0B01B93F3FE0008A82C /* MJExtension.h */ = {isa = PBXFileReference; fileEncoding = 4; lastKnownFileType = sourcecode.c.h; path = MJExtension.h; sourceTree = "<group>"; };
		EF61A0B11B93F3FE0008A82C /* MJFoundation.h */ = {isa = PBXFileReference; fileEncoding = 4; lastKnownFileType = sourcecode.c.h; path = MJFoundation.h; sourceTree = "<group>"; };
		EF61A0B21B93F3FE0008A82C /* MJFoundation.m */ = {isa = PBXFileReference; fileEncoding = 4; lastKnownFileType = sourcecode.c.objc; path = MJFoundation.m; sourceTree = "<group>"; };
		EF61A0B31B93F3FE0008A82C /* MJIvar.h */ = {isa = PBXFileReference; fileEncoding = 4; lastKnownFileType = sourcecode.c.h; path = MJIvar.h; sourceTree = "<group>"; };
		EF61A0B41B93F3FE0008A82C /* MJIvar.m */ = {isa = PBXFileReference; fileEncoding = 4; lastKnownFileType = sourcecode.c.objc; path = MJIvar.m; sourceTree = "<group>"; };
		EF61A0B51B93F3FE0008A82C /* MJMember.h */ = {isa = PBXFileReference; fileEncoding = 4; lastKnownFileType = sourcecode.c.h; path = MJMember.h; sourceTree = "<group>"; };
		EF61A0B61B93F3FE0008A82C /* MJMember.m */ = {isa = PBXFileReference; fileEncoding = 4; lastKnownFileType = sourcecode.c.objc; path = MJMember.m; sourceTree = "<group>"; };
		EF61A0B71B93F3FE0008A82C /* MJMethod.h */ = {isa = PBXFileReference; fileEncoding = 4; lastKnownFileType = sourcecode.c.h; path = MJMethod.h; sourceTree = "<group>"; };
		EF61A0B81B93F3FE0008A82C /* MJMethod.m */ = {isa = PBXFileReference; fileEncoding = 4; lastKnownFileType = sourcecode.c.objc; path = MJMethod.m; sourceTree = "<group>"; };
		EF61A0B91B93F3FE0008A82C /* MJType.h */ = {isa = PBXFileReference; fileEncoding = 4; lastKnownFileType = sourcecode.c.h; path = MJType.h; sourceTree = "<group>"; };
		EF61A0BA1B93F3FE0008A82C /* MJType.m */ = {isa = PBXFileReference; fileEncoding = 4; lastKnownFileType = sourcecode.c.objc; path = MJType.m; sourceTree = "<group>"; };
		EF61A0BB1B93F3FE0008A82C /* MJTypeEncoding.h */ = {isa = PBXFileReference; fileEncoding = 4; lastKnownFileType = sourcecode.c.h; path = MJTypeEncoding.h; sourceTree = "<group>"; };
		EF61A0BC1B93F3FE0008A82C /* MJTypeEncoding.m */ = {isa = PBXFileReference; fileEncoding = 4; lastKnownFileType = sourcecode.c.objc; path = MJTypeEncoding.m; sourceTree = "<group>"; };
		EF61A0BD1B93F3FE0008A82C /* NSObject+MJCoding.h */ = {isa = PBXFileReference; fileEncoding = 4; lastKnownFileType = sourcecode.c.h; path = "NSObject+MJCoding.h"; sourceTree = "<group>"; };
		EF61A0BE1B93F3FE0008A82C /* NSObject+MJCoding.m */ = {isa = PBXFileReference; fileEncoding = 4; lastKnownFileType = sourcecode.c.objc; path = "NSObject+MJCoding.m"; sourceTree = "<group>"; };
		EF61A0BF1B93F3FE0008A82C /* NSObject+MJKeyValue.h */ = {isa = PBXFileReference; fileEncoding = 4; lastKnownFileType = sourcecode.c.h; path = "NSObject+MJKeyValue.h"; sourceTree = "<group>"; };
		EF61A0C01B93F3FE0008A82C /* NSObject+MJKeyValue.m */ = {isa = PBXFileReference; fileEncoding = 4; lastKnownFileType = sourcecode.c.objc; path = "NSObject+MJKeyValue.m"; sourceTree = "<group>"; };
		EF61A0C11B93F3FE0008A82C /* NSObject+MJMember.h */ = {isa = PBXFileReference; fileEncoding = 4; lastKnownFileType = sourcecode.c.h; path = "NSObject+MJMember.h"; sourceTree = "<group>"; };
		EF61A0C21B93F3FE0008A82C /* NSObject+MJMember.m */ = {isa = PBXFileReference; fileEncoding = 4; lastKnownFileType = sourcecode.c.objc; path = "NSObject+MJMember.m"; sourceTree = "<group>"; };
		EF6A82CC1BB27689005094B1 /* HTBaseModel.h */ = {isa = PBXFileReference; fileEncoding = 4; lastKnownFileType = sourcecode.c.h; path = HTBaseModel.h; sourceTree = "<group>"; };
		EF6A82CD1BB27689005094B1 /* HTBaseModel.m */ = {isa = PBXFileReference; fileEncoding = 4; lastKnownFileType = sourcecode.c.objc; path = HTBaseModel.m; sourceTree = "<group>"; };
		EF6A82CF1BB289F0005094B1 /* HTXiaoShouModel.h */ = {isa = PBXFileReference; fileEncoding = 4; lastKnownFileType = sourcecode.c.h; path = HTXiaoShouModel.h; sourceTree = "<group>"; };
		EF6A82D01BB289F0005094B1 /* HTXiaoShouModel.m */ = {isa = PBXFileReference; fileEncoding = 4; lastKnownFileType = sourcecode.c.objc; path = HTXiaoShouModel.m; sourceTree = "<group>"; };
		EF6AB1791B87241900C9F114 /* HuoBanMall.app */ = {isa = PBXFileReference; explicitFileType = wrapper.application; includeInIndex = 0; path = HuoBanMall.app; sourceTree = BUILT_PRODUCTS_DIR; };
		EF6AB17D1B87241900C9F114 /* Info.plist */ = {isa = PBXFileReference; lastKnownFileType = text.plist.xml; path = Info.plist; sourceTree = "<group>"; };
		EF6AB17E1B87241900C9F114 /* main.m */ = {isa = PBXFileReference; lastKnownFileType = sourcecode.c.objc; path = main.m; sourceTree = "<group>"; };
		EF6AB1801B87241900C9F114 /* AppDelegate.h */ = {isa = PBXFileReference; lastKnownFileType = sourcecode.c.h; path = AppDelegate.h; sourceTree = "<group>"; };
		EF6AB1811B87241900C9F114 /* AppDelegate.m */ = {isa = PBXFileReference; lastKnownFileType = sourcecode.c.objc; path = AppDelegate.m; sourceTree = "<group>"; };
		EF6AB1831B87241900C9F114 /* ViewController.h */ = {isa = PBXFileReference; lastKnownFileType = sourcecode.c.h; path = ViewController.h; sourceTree = "<group>"; };
		EF6AB1841B87241A00C9F114 /* ViewController.m */ = {isa = PBXFileReference; lastKnownFileType = sourcecode.c.objc; path = ViewController.m; sourceTree = "<group>"; };
		EF6AB1871B87241A00C9F114 /* Base */ = {isa = PBXFileReference; lastKnownFileType = file.storyboard; name = Base; path = Base.lproj/Main.storyboard; sourceTree = "<group>"; };
		EF6AB1891B87241A00C9F114 /* Images.xcassets */ = {isa = PBXFileReference; lastKnownFileType = folder.assetcatalog; path = Images.xcassets; sourceTree = "<group>"; };
		EF6AB18C1B87241A00C9F114 /* Base */ = {isa = PBXFileReference; lastKnownFileType = file.xib; name = Base; path = Base.lproj/LaunchScreen.xib; sourceTree = "<group>"; };
		EF6AB1921B87241A00C9F114 /* HuoBanMallTests.xctest */ = {isa = PBXFileReference; explicitFileType = wrapper.cfbundle; includeInIndex = 0; path = HuoBanMallTests.xctest; sourceTree = BUILT_PRODUCTS_DIR; };
		EF6AB1971B87241A00C9F114 /* Info.plist */ = {isa = PBXFileReference; lastKnownFileType = text.plist.xml; path = Info.plist; sourceTree = "<group>"; };
		EF6AB1981B87241A00C9F114 /* HuoBanMallTests.m */ = {isa = PBXFileReference; lastKnownFileType = sourcecode.c.objc; path = HuoBanMallTests.m; sourceTree = "<group>"; };
		EF6AB1A21B87245F00C9F114 /* PrefixHeader.pch */ = {isa = PBXFileReference; lastKnownFileType = sourcecode.c.h; path = PrefixHeader.pch; sourceTree = "<group>"; };
		EF6B32AD1B9044AA00A6B46D /* HTHuoBanNavgationViewController.h */ = {isa = PBXFileReference; fileEncoding = 4; lastKnownFileType = sourcecode.c.h; name = HTHuoBanNavgationViewController.h; path = Classes/HTHuoBanNavgationViewController.h; sourceTree = "<group>"; };
		EF6B32AE1B9044AA00A6B46D /* HTHuoBanNavgationViewController.m */ = {isa = PBXFileReference; fileEncoding = 4; lastKnownFileType = sourcecode.c.objc; name = HTHuoBanNavgationViewController.m; path = Classes/HTHuoBanNavgationViewController.m; sourceTree = "<group>"; };
		EF6B32B61B904B2B00A6B46D /* HTHomeViewController.h */ = {isa = PBXFileReference; fileEncoding = 4; lastKnownFileType = sourcecode.c.h; path = HTHomeViewController.h; sourceTree = "<group>"; };
		EF6B32B71B904B2B00A6B46D /* HTHomeViewController.m */ = {isa = PBXFileReference; fileEncoding = 4; lastKnownFileType = sourcecode.c.objc; path = HTHomeViewController.m; sourceTree = "<group>"; };
		EF73D15D1B8BFAB6004A7B37 /* NSData+NSDataDeal.h */ = {isa = PBXFileReference; fileEncoding = 4; lastKnownFileType = sourcecode.c.h; path = "NSData+NSDataDeal.h"; sourceTree = "<group>"; };
		EF73D15E1B8BFAB6004A7B37 /* NSData+NSDataDeal.m */ = {isa = PBXFileReference; fileEncoding = 4; lastKnownFileType = sourcecode.c.objc; path = "NSData+NSDataDeal.m"; sourceTree = "<group>"; };
		EF73D15F1B8BFAB6004A7B37 /* NSDictionary+EXTERN.h */ = {isa = PBXFileReference; fileEncoding = 4; lastKnownFileType = sourcecode.c.h; path = "NSDictionary+EXTERN.h"; sourceTree = "<group>"; };
		EF73D1601B8BFAB6004A7B37 /* NSDictionary+EXTERN.m */ = {isa = PBXFileReference; fileEncoding = 4; lastKnownFileType = sourcecode.c.objc; path = "NSDictionary+EXTERN.m"; sourceTree = "<group>"; };
		EF73D1611B8BFAB6004A7B37 /* NSString+EXTERN.h */ = {isa = PBXFileReference; fileEncoding = 4; lastKnownFileType = sourcecode.c.h; path = "NSString+EXTERN.h"; sourceTree = "<group>"; };
		EF73D1621B8BFAB6004A7B37 /* NSString+EXTERN.m */ = {isa = PBXFileReference; fileEncoding = 4; lastKnownFileType = sourcecode.c.objc; path = "NSString+EXTERN.m"; sourceTree = "<group>"; };
		EF73D1631B8BFAB6004A7B37 /* UITableView+CJ.h */ = {isa = PBXFileReference; fileEncoding = 4; lastKnownFileType = sourcecode.c.h; path = "UITableView+CJ.h"; sourceTree = "<group>"; };
		EF73D1641B8BFAB6004A7B37 /* UITableView+CJ.m */ = {isa = PBXFileReference; fileEncoding = 4; lastKnownFileType = sourcecode.c.objc; path = "UITableView+CJ.m"; sourceTree = "<group>"; };
		EF73D1651B8BFAB6004A7B37 /* UITextField+HT.h */ = {isa = PBXFileReference; fileEncoding = 4; lastKnownFileType = sourcecode.c.h; path = "UITextField+HT.h"; sourceTree = "<group>"; };
		EF73D1661B8BFAB6004A7B37 /* UITextField+HT.m */ = {isa = PBXFileReference; fileEncoding = 4; lastKnownFileType = sourcecode.c.objc; path = "UITextField+HT.m"; sourceTree = "<group>"; };
		EF73D1701B8C0103004A7B37 /* Base64Util.h */ = {isa = PBXFileReference; fileEncoding = 4; lastKnownFileType = sourcecode.c.h; path = Base64Util.h; sourceTree = "<group>"; };
		EF73D1711B8C0103004A7B37 /* Base64Util.m */ = {isa = PBXFileReference; fileEncoding = 4; lastKnownFileType = sourcecode.c.objc; path = Base64Util.m; sourceTree = "<group>"; };
		EF73D1721B8C0103004A7B37 /* GTMBase64.h */ = {isa = PBXFileReference; fileEncoding = 4; lastKnownFileType = sourcecode.c.h; path = GTMBase64.h; sourceTree = "<group>"; };
		EF73D1731B8C0103004A7B37 /* GTMBase64.m */ = {isa = PBXFileReference; fileEncoding = 4; lastKnownFileType = sourcecode.c.objc; path = GTMBase64.m; sourceTree = "<group>"; };
		EF73D1741B8C0103004A7B37 /* GTMDefines.h */ = {isa = PBXFileReference; fileEncoding = 4; lastKnownFileType = sourcecode.c.h; path = GTMDefines.h; sourceTree = "<group>"; };
		EF73D1751B8C0103004A7B37 /* MD5Encryption.h */ = {isa = PBXFileReference; fileEncoding = 4; lastKnownFileType = sourcecode.c.h; path = MD5Encryption.h; sourceTree = "<group>"; };
		EF73D1761B8C0103004A7B37 /* MD5Encryption.m */ = {isa = PBXFileReference; fileEncoding = 4; lastKnownFileType = sourcecode.c.objc; path = MD5Encryption.m; sourceTree = "<group>"; };
		EF73D17A1B8C02A0004A7B37 /* cityCode.plist */ = {isa = PBXFileReference; fileEncoding = 4; lastKnownFileType = text.plist.xml; path = cityCode.plist; sourceTree = "<group>"; };
		EF78598B1BA7AE4E002A0626 /* OrderManagerDetailsController.h */ = {isa = PBXFileReference; fileEncoding = 4; lastKnownFileType = sourcecode.c.h; path = OrderManagerDetailsController.h; sourceTree = "<group>"; };
		EF78598C1BA7AE4E002A0626 /* OrderManagerDetailsController.m */ = {isa = PBXFileReference; fileEncoding = 4; lastKnownFileType = sourcecode.c.objc; path = OrderManagerDetailsController.m; sourceTree = "<group>"; };
		EF78598E1BA7B0EC002A0626 /* HTOrderDetail.h */ = {isa = PBXFileReference; fileEncoding = 4; lastKnownFileType = sourcecode.c.h; path = HTOrderDetail.h; sourceTree = "<group>"; };
		EF78598F1BA7B0EC002A0626 /* HTOrderDetail.m */ = {isa = PBXFileReference; fileEncoding = 4; lastKnownFileType = sourcecode.c.objc; path = HTOrderDetail.m; sourceTree = "<group>"; };
		EF7859911BA7BB0B002A0626 /* HTOrderDetailModel.h */ = {isa = PBXFileReference; fileEncoding = 4; lastKnownFileType = sourcecode.c.h; path = HTOrderDetailModel.h; sourceTree = "<group>"; };
		EF7859921BA7BB0B002A0626 /* HTOrderDetailModel.m */ = {isa = PBXFileReference; fileEncoding = 4; lastKnownFileType = sourcecode.c.objc; path = HTOrderDetailModel.m; sourceTree = "<group>"; };
		EF7859941BA7F366002A0626 /* HTMidOrderCell.h */ = {isa = PBXFileReference; fileEncoding = 4; lastKnownFileType = sourcecode.c.h; path = HTMidOrderCell.h; sourceTree = "<group>"; };
		EF7859951BA7F366002A0626 /* HTMidOrderCell.m */ = {isa = PBXFileReference; fileEncoding = 4; lastKnownFileType = sourcecode.c.objc; path = HTMidOrderCell.m; sourceTree = "<group>"; };
		EF7859961BA7F366002A0626 /* HTMidOrderCell.xib */ = {isa = PBXFileReference; fileEncoding = 4; lastKnownFileType = file.xib; path = HTMidOrderCell.xib; sourceTree = "<group>"; };
		EF7859991BA81A32002A0626 /* HTStatisticsController.h */ = {isa = PBXFileReference; fileEncoding = 4; lastKnownFileType = sourcecode.c.h; path = HTStatisticsController.h; sourceTree = "<group>"; };
		EF78599A1BA81A32002A0626 /* HTStatisticsController.m */ = {isa = PBXFileReference; fileEncoding = 4; lastKnownFileType = sourcecode.c.objc; path = HTStatisticsController.m; sourceTree = "<group>"; };
		EF78599C1BA8FE26002A0626 /* HTTStatisticCell.h */ = {isa = PBXFileReference; fileEncoding = 4; lastKnownFileType = sourcecode.c.h; path = HTTStatisticCell.h; sourceTree = "<group>"; };
		EF78599D1BA8FE26002A0626 /* HTTStatisticCell.m */ = {isa = PBXFileReference; fileEncoding = 4; lastKnownFileType = sourcecode.c.objc; path = HTTStatisticCell.m; sourceTree = "<group>"; };
		EF78599F1BA904AE002A0626 /* HTStatisticsModel.h */ = {isa = PBXFileReference; fileEncoding = 4; lastKnownFileType = sourcecode.c.h; path = HTStatisticsModel.h; sourceTree = "<group>"; };
		EF7859A01BA904AE002A0626 /* HTStatisticsModel.m */ = {isa = PBXFileReference; fileEncoding = 4; lastKnownFileType = sourcecode.c.objc; path = HTStatisticsModel.m; sourceTree = "<group>"; };
		EF7859A21BA939D1002A0626 /* HTCheckLogisticsController.h */ = {isa = PBXFileReference; fileEncoding = 4; lastKnownFileType = sourcecode.c.h; path = HTCheckLogisticsController.h; sourceTree = "<group>"; };
		EF7859A31BA939D1002A0626 /* HTCheckLogisticsController.m */ = {isa = PBXFileReference; fileEncoding = 4; indentWidth = 5; lastKnownFileType = sourcecode.c.objc; path = HTCheckLogisticsController.m; sourceTree = "<group>"; };
		EF7859A51BA93A5F002A0626 /* ExpressCompany.h */ = {isa = PBXFileReference; fileEncoding = 4; lastKnownFileType = sourcecode.c.h; path = ExpressCompany.h; sourceTree = "<group>"; };
		EF7859A61BA93A5F002A0626 /* ExpressCompany.m */ = {isa = PBXFileReference; fileEncoding = 4; lastKnownFileType = sourcecode.c.objc; path = ExpressCompany.m; sourceTree = "<group>"; };
		EF7859A71BA93A5F002A0626 /* ExpressCompany.xib */ = {isa = PBXFileReference; fileEncoding = 4; lastKnownFileType = file.xib; path = ExpressCompany.xib; sourceTree = "<group>"; };
		EF7C4C471BAD347400DB4ABD /* HTXQFLCell.h */ = {isa = PBXFileReference; fileEncoding = 4; lastKnownFileType = sourcecode.c.h; path = HTXQFLCell.h; sourceTree = "<group>"; };
		EF7C4C481BAD347400DB4ABD /* HTXQFLCell.m */ = {isa = PBXFileReference; fileEncoding = 4; lastKnownFileType = sourcecode.c.objc; path = HTXQFLCell.m; sourceTree = "<group>"; };
		EF7C4C491BAD347400DB4ABD /* HTXQFLCell.xib */ = {isa = PBXFileReference; fileEncoding = 4; lastKnownFileType = file.xib; path = HTXQFLCell.xib; sourceTree = "<group>"; };
		EF8B72E11BB3C93C00B9105B /* HTWuliuModel.h */ = {isa = PBXFileReference; fileEncoding = 4; lastKnownFileType = sourcecode.c.h; path = HTWuliuModel.h; sourceTree = "<group>"; };
		EF8B72E21BB3C93C00B9105B /* HTWuliuModel.m */ = {isa = PBXFileReference; fileEncoding = 4; lastKnownFileType = sourcecode.c.objc; path = HTWuliuModel.m; sourceTree = "<group>"; };
		EF8B72E41BB3CAFA00B9105B /* HTWuLiuStatus.h */ = {isa = PBXFileReference; fileEncoding = 4; lastKnownFileType = sourcecode.c.h; path = HTWuLiuStatus.h; sourceTree = "<group>"; };
		EF8B72E51BB3CAFA00B9105B /* HTWuLiuStatus.m */ = {isa = PBXFileReference; fileEncoding = 4; lastKnownFileType = sourcecode.c.objc; path = HTWuLiuStatus.m; sourceTree = "<group>"; };
		EF8B72E71BB3F41100B9105B /* HTJiFenModel.h */ = {isa = PBXFileReference; fileEncoding = 4; lastKnownFileType = sourcecode.c.h; path = HTJiFenModel.h; sourceTree = "<group>"; };
		EF8B72E81BB3F41100B9105B /* HTJiFenModel.m */ = {isa = PBXFileReference; fileEncoding = 4; lastKnownFileType = sourcecode.c.objc; path = HTJiFenModel.m; sourceTree = "<group>"; };
		EF8B72EA1BB4181100B9105B /* HTTopTenModel.h */ = {isa = PBXFileReference; fileEncoding = 4; lastKnownFileType = sourcecode.c.h; path = HTTopTenModel.h; sourceTree = "<group>"; };
		EF8B72EB1BB4181100B9105B /* HTTopTenModel.m */ = {isa = PBXFileReference; fileEncoding = 4; lastKnownFileType = sourcecode.c.objc; path = HTTopTenModel.m; sourceTree = "<group>"; };
		EF98A8251BAC35DD0087BB60 /* HTTopTenGoodsController.h */ = {isa = PBXFileReference; fileEncoding = 4; lastKnownFileType = sourcecode.c.h; path = HTTopTenGoodsController.h; sourceTree = "<group>"; };
		EF98A8261BAC35DD0087BB60 /* HTTopTenGoodsController.m */ = {isa = PBXFileReference; fileEncoding = 4; lastKnownFileType = sourcecode.c.objc; path = HTTopTenGoodsController.m; sourceTree = "<group>"; };
		EF98A8281BAC36E00087BB60 /* HTTopTenGoodCell.h */ = {isa = PBXFileReference; fileEncoding = 4; lastKnownFileType = sourcecode.c.h; path = HTTopTenGoodCell.h; sourceTree = "<group>"; };
		EF98A8291BAC36E00087BB60 /* HTTopTenGoodCell.m */ = {isa = PBXFileReference; fileEncoding = 4; lastKnownFileType = sourcecode.c.objc; path = HTTopTenGoodCell.m; sourceTree = "<group>"; };
		EFB67CC61B8B0C5A0037547A /* HTDataStatisViewController.h */ = {isa = PBXFileReference; fileEncoding = 4; lastKnownFileType = sourcecode.c.h; path = HTDataStatisViewController.h; sourceTree = "<group>"; };
		EFB67CC71B8B0C5A0037547A /* HTDataStatisViewController.m */ = {isa = PBXFileReference; fileEncoding = 4; lastKnownFileType = sourcecode.c.objc; path = HTDataStatisViewController.m; sourceTree = "<group>"; };
/* End PBXFileReference section */

/* Begin PBXFrameworksBuildPhase section */
		EF6AB1761B87241900C9F114 /* Frameworks */ = {
			isa = PBXFrameworksBuildPhase;
			buildActionMask = 2147483647;
			files = (
				E61CE6EC4EBF197C9E132636 /* libPods.a in Frameworks */,
			);
			runOnlyForDeploymentPostprocessing = 0;
		};
		EF6AB18F1B87241A00C9F114 /* Frameworks */ = {
			isa = PBXFrameworksBuildPhase;
			buildActionMask = 2147483647;
			files = (
			);
			runOnlyForDeploymentPostprocessing = 0;
		};
/* End PBXFrameworksBuildPhase section */

/* Begin PBXGroup section */
		834728D01B8C0D47005B72F9 /* controller */ = {
			isa = PBXGroup;
			children = (
				834728D11B8C0D8C005B72F9 /* SettingViewController.h */,
				834728D21B8C0D8C005B72F9 /* SettingViewController.m */,
				834728F01B8C6F61005B72F9 /* PushViewController.h */,
				834728F11B8C6F61005B72F9 /* PushViewController.m */,
				8389FA081B8D59940003FCDE /* AmendController.h */,
				8389FA091B8D59940003FCDE /* AmendController.m */,
				8389FA0B1B8D5A380003FCDE /* DescribeController.h */,
				8389FA0C1B8D5A380003FCDE /* DescribeController.m */,
				834D13C81BB518C000893120 /* MCController.h */,
				834D13C91BB518C000893120 /* MCController.m */,
				83AA7FB91BC789F200EF5919 /* FeedBackViewController.h */,
				83AA7FBA1BC789F200EF5919 /* FeedBackViewController.m */,
				83AA7FBB1BC789F200EF5919 /* FeedBackViewController.xib */,
			);
			path = controller;
			sourceTree = "<group>";
		};
		834728D91B8C4EBB005B72F9 /* login（登录） */ = {
			isa = PBXGroup;
			children = (
				834728DF1B8C51C6005B72F9 /* ChangePasswordController.h */,
				834728E01B8C51C6005B72F9 /* ChangePasswordController.m */,
				834728E11B8C51C6005B72F9 /* findBackPwViewController.h */,
				834728E21B8C51C6005B72F9 /* findBackPwViewController.m */,
				834728E31B8C51C6005B72F9 /* findBackPwViewController.xib */,
				834728E41B8C51C6005B72F9 /* LoginViewController.h */,
				834728E51B8C51C6005B72F9 /* LoginViewController.m */,
				834728E61B8C51C6005B72F9 /* LoginViewController.xib */,
				EF61A08A1B93E49F0008A82C /* model */,
			);
			path = "login（登录）";
			sourceTree = "<group>";
		};
		834728EC1B8C66B3005B72F9 /* fanmoreButton */ = {
			isa = PBXGroup;
			children = (
				834728ED1B8C66B3005B72F9 /* FMButton.h */,
				834728EE1B8C66B3005B72F9 /* FMButton.m */,
			);
			path = fanmoreButton;
			sourceTree = "<group>";
		};
		8372E40F1BA2BA27007146BD /* MJRefresh */ = {
			isa = PBXGroup;
			children = (
				8372E4101BA2BA27007146BD /* MJRefresh.bundle */,
				8372E4111BA2BA27007146BD /* MJRefresh.h */,
				8372E4121BA2BA27007146BD /* MJRefreshBaseView.h */,
				8372E4131BA2BA27007146BD /* MJRefreshBaseView.m */,
				8372E4141BA2BA27007146BD /* MJRefreshConst.h */,
				8372E4151BA2BA27007146BD /* MJRefreshConst.m */,
				8372E4161BA2BA27007146BD /* MJRefreshFooterView.h */,
				8372E4171BA2BA27007146BD /* MJRefreshFooterView.m */,
				8372E4181BA2BA27007146BD /* MJRefreshHeaderView.h */,
				8372E4191BA2BA27007146BD /* MJRefreshHeaderView.m */,
				8372E41A1BA2BA27007146BD /* UIScrollView+MJExtension.h */,
				8372E41B1BA2BA27007146BD /* UIScrollView+MJExtension.m */,
				8372E41C1BA2BA27007146BD /* UIScrollView+MJRefresh.h */,
				8372E41D1BA2BA27007146BD /* UIScrollView+MJRefresh.m */,
				8372E41E1BA2BA27007146BD /* UIView+MJExtension.h */,
				8372E41F1BA2BA27007146BD /* UIView+MJExtension.m */,
			);
			path = MJRefresh;
			sourceTree = "<group>";
		};
		8389FA0E1B8D86630003FCDE /* web */ = {
			isa = PBXGroup;
			children = (
				8389FA0F1B8D86710003FCDE /* WebController.h */,
				8389FA101B8D86710003FCDE /* WebController.m */,
			);
			path = web;
			sourceTree = "<group>";
		};
		83B4F2AD1BA6B464009D6631 /* model */ = {
			isa = PBXGroup;
			children = (
				83B4F2AE1BA6B47F009D6631 /* MoreDataModel.h */,
				83B4F2AF1BA6B47F009D6631 /* MoreDataModel.m */,
				839E6E061BA96C590084A08D /* OrdorListModel.h */,
				839E6E071BA96C590084A08D /* OrdorListModel.m */,
				838895C41BAAAFC1008408AE /* SaleModel.h */,
				838895C51BAAAFC1008408AE /* SaleModel.m */,
				8354C00F1BAD267900A51EB9 /* MenListModel.h */,
				8354C0101BAD267900A51EB9 /* MenListModel.m */,
				EF8B72E11BB3C93C00B9105B /* HTWuliuModel.h */,
				EF8B72E21BB3C93C00B9105B /* HTWuliuModel.m */,
				EF8B72E41BB3CAFA00B9105B /* HTWuLiuStatus.h */,
				EF8B72E51BB3CAFA00B9105B /* HTWuLiuStatus.m */,
			);
			path = model;
			sourceTree = "<group>";
		};
		83B4F2B11BA6EE36009D6631 /* ordor（订单管理） */ = {
			isa = PBXGroup;
			children = (
				83B4F2B21BA6EE36009D6631 /* controller */,
				83B4F2B31BA6EE36009D6631 /* model */,
				83B4F2B41BA6EE36009D6631 /* view */,
			);
			path = "ordor（订单管理）";
			sourceTree = "<group>";
		};
		83B4F2B21BA6EE36009D6631 /* controller */ = {
			isa = PBXGroup;
			children = (
				83737D1C1BA7AFAA000BD2D4 /* OrdorController.h */,
				83737D1D1BA7AFAA000BD2D4 /* OrdorController.m */,
			);
			path = controller;
			sourceTree = "<group>";
		};
		83B4F2B31BA6EE36009D6631 /* model */ = {
			isa = PBXGroup;
			children = (
				83497D011BB38A47001E5DB7 /* OrdorModel.h */,
				83497D021BB38A47001E5DB7 /* OrdorModel.m */,
				83497D041BB38D8B001E5DB7 /* GoodModel.h */,
				83497D051BB38D8B001E5DB7 /* GoodModel.m */,
			);
			path = model;
			sourceTree = "<group>";
		};
		83B4F2B41BA6EE36009D6631 /* view */ = {
			isa = PBXGroup;
			children = (
				83737D1F1BA7B4AC000BD2D4 /* OrdorCell.h */,
				83737D201BA7B4AC000BD2D4 /* OrdorCell.m */,
				83737D211BA7B4AC000BD2D4 /* OrdorCell.xib */,
				83737D241BA7B7AD000BD2D4 /* HeadView.h */,
				83737D251BA7B7AD000BD2D4 /* HeadView.m */,
				83737D291BA7B8F0000BD2D4 /* HeadView.xib */,
				83737D2B1BA7BA3B000BD2D4 /* FootView.h */,
				83737D2C1BA7BA3B000BD2D4 /* FootView.m */,
				83737D2E1BA7BA4B000BD2D4 /* FootView.xib */,
				83737D301BA816C6000BD2D4 /* NewFootView.h */,
				83737D311BA816C6000BD2D4 /* NewFootView.m */,
				83737D331BA816E4000BD2D4 /* NewFootView.xib */,
			);
			path = view;
			sourceTree = "<group>";
		};
		83CA64651B8ABCFC008B5461 /* management（商品管理） */ = {
			isa = PBXGroup;
			children = (
				83CA64661B8ABCFC008B5461 /* controller */,
				83CA64671B8ABCFC008B5461 /* model */,
				83CA64681B8ABCFC008B5461 /* view */,
			);
			path = "management（商品管理）";
			sourceTree = "<group>";
		};
		83CA64661B8ABCFC008B5461 /* controller */ = {
			isa = PBXGroup;
			children = (
				83CA648A1B8AC4E1008B5461 /* ManagementController.h */,
				83CA648B1B8AC4E1008B5461 /* ManagementController.m */,
				EF78598B1BA7AE4E002A0626 /* OrderManagerDetailsController.h */,
				EF78598C1BA7AE4E002A0626 /* OrderManagerDetailsController.m */,
				EF7859991BA81A32002A0626 /* HTStatisticsController.h */,
				EF78599A1BA81A32002A0626 /* HTStatisticsController.m */,
				EF98A8251BAC35DD0087BB60 /* HTTopTenGoodsController.h */,
				EF98A8261BAC35DD0087BB60 /* HTTopTenGoodsController.m */,
			);
			path = controller;
			sourceTree = "<group>";
		};
		83CA64671B8ABCFC008B5461 /* model */ = {
			isa = PBXGroup;
			children = (
				83CA64871B8AC3BB008B5461 /* ManagementModel.h */,
				83CA64881B8AC3BB008B5461 /* ManagementModel.m */,
				EF7859911BA7BB0B002A0626 /* HTOrderDetailModel.h */,
				EF7859921BA7BB0B002A0626 /* HTOrderDetailModel.m */,
				EF78599F1BA904AE002A0626 /* HTStatisticsModel.h */,
				EF7859A01BA904AE002A0626 /* HTStatisticsModel.m */,
				EF6A82CC1BB27689005094B1 /* HTBaseModel.h */,
				EF6A82CD1BB27689005094B1 /* HTBaseModel.m */,
				EF6A82CF1BB289F0005094B1 /* HTXiaoShouModel.h */,
				EF6A82D01BB289F0005094B1 /* HTXiaoShouModel.m */,
				EF8B72E71BB3F41100B9105B /* HTJiFenModel.h */,
				EF8B72E81BB3F41100B9105B /* HTJiFenModel.m */,
				EF8B72EA1BB4181100B9105B /* HTTopTenModel.h */,
				EF8B72EB1BB4181100B9105B /* HTTopTenModel.m */,
			);
			path = model;
			sourceTree = "<group>";
		};
		83CA64681B8ABCFC008B5461 /* view */ = {
			isa = PBXGroup;
			children = (
				830778651B9E7BC7002AF0FD /* ManagementCell.h */,
				830778661B9E7BC7002AF0FD /* ManagementCell.m */,
				830778671B9E7BC7002AF0FD /* ManagementCell.xib */,
				EF78598E1BA7B0EC002A0626 /* HTOrderDetail.h */,
				EF78598F1BA7B0EC002A0626 /* HTOrderDetail.m */,
				EF7859941BA7F366002A0626 /* HTMidOrderCell.h */,
				EF7859951BA7F366002A0626 /* HTMidOrderCell.m */,
				EF7859961BA7F366002A0626 /* HTMidOrderCell.xib */,
				EF78599C1BA8FE26002A0626 /* HTTStatisticCell.h */,
				EF78599D1BA8FE26002A0626 /* HTTStatisticCell.m */,
				EF98A8281BAC36E00087BB60 /* HTTopTenGoodCell.h */,
				EF98A8291BAC36E00087BB60 /* HTTopTenGoodCell.m */,
				83FC6F1D1BCF3C5E00962602 /* HTTopTenGoodCell.xib */,
				EF7C4C471BAD347400DB4ABD /* HTXQFLCell.h */,
				EF7C4C481BAD347400DB4ABD /* HTXQFLCell.m */,
				EF7C4C491BAD347400DB4ABD /* HTXQFLCell.xib */,
			);
			path = view;
			sourceTree = "<group>";
		};
		83CA64691B8ABCFC008B5461 /* setting（设置） */ = {
			isa = PBXGroup;
			children = (
				834728D01B8C0D47005B72F9 /* controller */,
				83CA646B1B8ABCFC008B5461 /* model */,
				83CA646C1B8ABCFC008B5461 /* view */,
			);
			path = "setting（设置）";
			sourceTree = "<group>";
		};
		83CA646B1B8ABCFC008B5461 /* model */ = {
			isa = PBXGroup;
			children = (
				834D13D11BB5194200893120 /* Message.h */,
				834D13D21BB5194200893120 /* Message.m */,
				834D13CE1BB5191C00893120 /* MessageFrame.h */,
				834D13CF1BB5191C00893120 /* MessageFrame.m */,
			);
			path = model;
			sourceTree = "<group>";
		};
		83CA646C1B8ABCFC008B5461 /* view */ = {
			isa = PBXGroup;
			children = (
				834D13CB1BB518EC00893120 /* MessageTableViewCell.h */,
				834D13CC1BB518EC00893120 /* MessageTableViewCell.m */,
			);
			path = view;
			sourceTree = "<group>";
		};
		83CA648D1B8AF26F008B5461 /* DataStatistics(数据统计) */ = {
			isa = PBXGroup;
			children = (
				EFB67CC01B8B0BAA0037547A /* controller */,
				83B4F2AD1BA6B464009D6631 /* model */,
				EFB67CB21B8AF5230037547A /* view */,
			);
			path = "DataStatistics(数据统计)";
			sourceTree = "<group>";
		};
		83D457271B8AA7910027D452 /* Classes */ = {
			isa = PBXGroup;
			children = (
				EF6B32B21B904B0000A6B46D /* Home */,
				8389FA0E1B8D86630003FCDE /* web */,
				83CA648D1B8AF26F008B5461 /* DataStatistics(数据统计) */,
				83CA64651B8ABCFC008B5461 /* management（商品管理） */,
				834728D91B8C4EBB005B72F9 /* login（登录） */,
				83CA64691B8ABCFC008B5461 /* setting（设置） */,
				83B4F2B11BA6EE36009D6631 /* ordor（订单管理） */,
				83D457281B8AA7910027D452 /* Other */,
			);
			path = Classes;
			sourceTree = "<group>";
		};
		83D457281B8AA7910027D452 /* Other */ = {
			isa = PBXGroup;
			children = (
				EF0790A61B9D76790007C3D3 /* Tool */,
				EF61A0911B93F3E10008A82C /* lib */,
				834728EC1B8C66B3005B72F9 /* fanmoreButton */,
				EF73D16F1B8C0103004A7B37 /* Encryption */,
				EF73D15C1B8BFAB6004A7B37 /* 扩展 */,
				83D457291B8AA7910027D452 /* AFNTool */,
			);
			path = Other;
			sourceTree = "<group>";
		};
		83D457291B8AA7910027D452 /* AFNTool */ = {
			isa = PBXGroup;
			children = (
				83D4572A1B8AA7910027D452 /* UserLoginTool.h */,
				83D4572B1B8AA7910027D452 /* UserLoginTool.m */,
			);
			path = AFNTool;
			sourceTree = "<group>";
		};
		DFABCA9FF5221E3D51E3BCDB /* Frameworks */ = {
			isa = PBXGroup;
			children = (
				8D16C2F2959A3DD8CCC1A8D4 /* libPods.a */,
			);
			name = Frameworks;
			sourceTree = "<group>";
		};
		ECAFE59EDA04CAA80496DE14 /* Pods */ = {
			isa = PBXGroup;
			children = (
				1590A519FFB44B2DB48962BD /* Pods.debug.xcconfig */,
				012BCF5BA04A81A24BCFD345 /* Pods.release.xcconfig */,
			);
			name = Pods;
			sourceTree = "<group>";
		};
		EF0790A61B9D76790007C3D3 /* Tool */ = {
			isa = PBXGroup;
			children = (
				EF0790A71B9DAF5A0007C3D3 /* HTToJudgeLoginFlag.h */,
				EF0790A81B9DAF5A0007C3D3 /* HTToJudgeLoginFlag.m */,
			);
			path = Tool;
			sourceTree = "<group>";
		};
		EF61A08A1B93E49F0008A82C /* model */ = {
			isa = PBXGroup;
			children = (
				EF61A08B1B93E4B00008A82C /* HTUser.h */,
				EF61A08C1B93E4B00008A82C /* HTUser.m */,
				EF61A08E1B93E8C50008A82C /* HTGlobal.h */,
				EF61A08F1B93E8C50008A82C /* HTGlobal.m */,
				836CEAD71B9C2BE7005074DA /* HTupData.h */,
				836CEAD81B9C2BE7005074DA /* HTupData.m */,
				836CEAD41B9C2B48005074DA /* HTResultData.h */,
				836CEAD51B9C2B48005074DA /* HTResultData.m */,
			);
			path = model;
			sourceTree = "<group>";
		};
		EF61A0911B93F3E10008A82C /* lib */ = {
			isa = PBXGroup;
			children = (
				8372E40F1BA2BA27007146BD /* MJRefresh */,
				EF61A0AB1B93F3FE0008A82C /* MJExtension */,
			);
			path = lib;
			sourceTree = "<group>";
		};
		EF61A0AB1B93F3FE0008A82C /* MJExtension */ = {
			isa = PBXGroup;
			children = (
				EF61A0AC1B93F3FE0008A82C /* MJArgument.h */,
				EF61A0AD1B93F3FE0008A82C /* MJArgument.m */,
				EF61A0AE1B93F3FE0008A82C /* MJConst.h */,
				EF61A0AF1B93F3FE0008A82C /* MJConst.m */,
				EF61A0B01B93F3FE0008A82C /* MJExtension.h */,
				EF61A0B11B93F3FE0008A82C /* MJFoundation.h */,
				EF61A0B21B93F3FE0008A82C /* MJFoundation.m */,
				EF61A0B31B93F3FE0008A82C /* MJIvar.h */,
				EF61A0B41B93F3FE0008A82C /* MJIvar.m */,
				EF61A0B51B93F3FE0008A82C /* MJMember.h */,
				EF61A0B61B93F3FE0008A82C /* MJMember.m */,
				EF61A0B71B93F3FE0008A82C /* MJMethod.h */,
				EF61A0B81B93F3FE0008A82C /* MJMethod.m */,
				EF61A0B91B93F3FE0008A82C /* MJType.h */,
				EF61A0BA1B93F3FE0008A82C /* MJType.m */,
				EF61A0BB1B93F3FE0008A82C /* MJTypeEncoding.h */,
				EF61A0BC1B93F3FE0008A82C /* MJTypeEncoding.m */,
				EF61A0BD1B93F3FE0008A82C /* NSObject+MJCoding.h */,
				EF61A0BE1B93F3FE0008A82C /* NSObject+MJCoding.m */,
				EF61A0BF1B93F3FE0008A82C /* NSObject+MJKeyValue.h */,
				EF61A0C01B93F3FE0008A82C /* NSObject+MJKeyValue.m */,
				EF61A0C11B93F3FE0008A82C /* NSObject+MJMember.h */,
				EF61A0C21B93F3FE0008A82C /* NSObject+MJMember.m */,
			);
			path = MJExtension;
			sourceTree = "<group>";
		};
		EF6AB1701B87241900C9F114 = {
			isa = PBXGroup;
			children = (
				EF6AB17B1B87241900C9F114 /* HuoBanMall */,
				EF6AB1951B87241A00C9F114 /* HuoBanMallTests */,
				EF6AB17A1B87241900C9F114 /* Products */,
				ECAFE59EDA04CAA80496DE14 /* Pods */,
				DFABCA9FF5221E3D51E3BCDB /* Frameworks */,
			);
			sourceTree = "<group>";
		};
		EF6AB17A1B87241900C9F114 /* Products */ = {
			isa = PBXGroup;
			children = (
				EF6AB1791B87241900C9F114 /* HuoBanMall.app */,
				EF6AB1921B87241A00C9F114 /* HuoBanMallTests.xctest */,
			);
			name = Products;
			sourceTree = "<group>";
		};
		EF6AB17B1B87241900C9F114 /* HuoBanMall */ = {
			isa = PBXGroup;
			children = (
				83D457271B8AA7910027D452 /* Classes */,
				EF6AB1801B87241900C9F114 /* AppDelegate.h */,
				EF6AB1811B87241900C9F114 /* AppDelegate.m */,
				EF6AB1831B87241900C9F114 /* ViewController.h */,
				EF6AB1841B87241A00C9F114 /* ViewController.m */,
				EF6B32AD1B9044AA00A6B46D /* HTHuoBanNavgationViewController.h */,
				EF6B32AE1B9044AA00A6B46D /* HTHuoBanNavgationViewController.m */,
				EF6AB1861B87241A00C9F114 /* Main.storyboard */,
				EF6AB1891B87241A00C9F114 /* Images.xcassets */,
				EF6AB18B1B87241A00C9F114 /* LaunchScreen.xib */,
				EF6AB17C1B87241900C9F114 /* Supporting Files */,
				EF6AB1A21B87245F00C9F114 /* PrefixHeader.pch */,
			);
			path = HuoBanMall;
			sourceTree = "<group>";
		};
		EF6AB17C1B87241900C9F114 /* Supporting Files */ = {
			isa = PBXGroup;
			children = (
				836B3AC41B8C077E00813281 /* InfoPlist.strings */,
				EF73D17A1B8C02A0004A7B37 /* cityCode.plist */,
				EF6AB17D1B87241900C9F114 /* Info.plist */,
				EF6AB17E1B87241900C9F114 /* main.m */,
			);
			name = "Supporting Files";
			sourceTree = "<group>";
		};
		EF6AB1951B87241A00C9F114 /* HuoBanMallTests */ = {
			isa = PBXGroup;
			children = (
				EF6AB1981B87241A00C9F114 /* HuoBanMallTests.m */,
				EF6AB1961B87241A00C9F114 /* Supporting Files */,
			);
			path = HuoBanMallTests;
			sourceTree = "<group>";
		};
		EF6AB1961B87241A00C9F114 /* Supporting Files */ = {
			isa = PBXGroup;
			children = (
				EF6AB1971B87241A00C9F114 /* Info.plist */,
			);
			name = "Supporting Files";
			sourceTree = "<group>";
		};
		EF6B32B21B904B0000A6B46D /* Home */ = {
			isa = PBXGroup;
			children = (
				EF6B32B51B904B1E00A6B46D /* model */,
				EF6B32B41B904B1000A6B46D /* view */,
				EF6B32B31B904B0000A6B46D /* controller */,
			);
			path = Home;
			sourceTree = "<group>";
		};
		EF6B32B31B904B0000A6B46D /* controller */ = {
			isa = PBXGroup;
			children = (
				EF6B32B61B904B2B00A6B46D /* HTHomeViewController.h */,
				EF6B32B71B904B2B00A6B46D /* HTHomeViewController.m */,
			);
			path = controller;
			sourceTree = "<group>";
		};
		EF6B32B41B904B1000A6B46D /* view */ = {
			isa = PBXGroup;
			children = (
			);
			path = view;
			sourceTree = "<group>";
		};
		EF6B32B51B904B1E00A6B46D /* model */ = {
			isa = PBXGroup;
			children = (
				83B4F2AA1BA66263009D6631 /* NewTodayModel.h */,
				83B4F2AB1BA66263009D6631 /* NewTodayModel.m */,
			);
			path = model;
			sourceTree = "<group>";
		};
		EF73D15C1B8BFAB6004A7B37 /* 扩展 */ = {
			isa = PBXGroup;
			children = (
				EF73D15D1B8BFAB6004A7B37 /* NSData+NSDataDeal.h */,
				EF73D15E1B8BFAB6004A7B37 /* NSData+NSDataDeal.m */,
				EF73D15F1B8BFAB6004A7B37 /* NSDictionary+EXTERN.h */,
				EF73D1601B8BFAB6004A7B37 /* NSDictionary+EXTERN.m */,
				EF73D1611B8BFAB6004A7B37 /* NSString+EXTERN.h */,
				EF73D1621B8BFAB6004A7B37 /* NSString+EXTERN.m */,
				EF73D1631B8BFAB6004A7B37 /* UITableView+CJ.h */,
				EF73D1641B8BFAB6004A7B37 /* UITableView+CJ.m */,
				EF73D1651B8BFAB6004A7B37 /* UITextField+HT.h */,
				EF73D1661B8BFAB6004A7B37 /* UITextField+HT.m */,
				83D3EDF81B93EA2900454A0E /* UIViewController+NAV.h */,
				83D3EDF91B93EA2900454A0E /* UIViewController+NAV.m */,
			);
			path = "扩展";
			sourceTree = "<group>";
		};
		EF73D16F1B8C0103004A7B37 /* Encryption */ = {
			isa = PBXGroup;
			children = (
				EF73D1701B8C0103004A7B37 /* Base64Util.h */,
				EF73D1711B8C0103004A7B37 /* Base64Util.m */,
				EF73D1721B8C0103004A7B37 /* GTMBase64.h */,
				EF73D1731B8C0103004A7B37 /* GTMBase64.m */,
				EF73D1741B8C0103004A7B37 /* GTMDefines.h */,
				EF73D1751B8C0103004A7B37 /* MD5Encryption.h */,
				EF73D1761B8C0103004A7B37 /* MD5Encryption.m */,
			);
			path = Encryption;
			sourceTree = "<group>";
		};
		EFB67CB21B8AF5230037547A /* view */ = {
			isa = PBXGroup;
			children = (
				EF7859A51BA93A5F002A0626 /* ExpressCompany.h */,
				EF7859A61BA93A5F002A0626 /* ExpressCompany.m */,
				EF7859A71BA93A5F002A0626 /* ExpressCompany.xib */,
				839E6E011BA95B910084A08D /* NewOrdorCell.h */,
				839E6E021BA95B910084A08D /* NewOrdorCell.m */,
				839E6E031BA95B910084A08D /* NewOrdorCell.xib */,
			);
			path = view;
			sourceTree = "<group>";
		};
		EFB67CC01B8B0BAA0037547A /* controller */ = {
			isa = PBXGroup;
			children = (
				EFB67CC61B8B0C5A0037547A /* HTDataStatisViewController.h */,
				EFB67CC71B8B0C5A0037547A /* HTDataStatisViewController.m */,
				83D390851B9DB92800879569 /* MoreDataViewController.h */,
				83D390861B9DB92800879569 /* MoreDataViewController.m */,
				EF7859A21BA939D1002A0626 /* HTCheckLogisticsController.h */,
				EF7859A31BA939D1002A0626 /* HTCheckLogisticsController.m */,
			);
			path = controller;
			sourceTree = "<group>";
		};
/* End PBXGroup section */

/* Begin PBXNativeTarget section */
		EF6AB1781B87241900C9F114 /* HuoBanMall */ = {
			isa = PBXNativeTarget;
			buildConfigurationList = EF6AB19C1B87241A00C9F114 /* Build configuration list for PBXNativeTarget "HuoBanMall" */;
			buildPhases = (
				2B3EF184BF4C1E5A05180C85 /* Check Pods Manifest.lock */,
				EF6AB1751B87241900C9F114 /* Sources */,
				EF6AB1761B87241900C9F114 /* Frameworks */,
				EF6AB1771B87241900C9F114 /* Resources */,
				F21158D331F0047B311CCEC7 /* Copy Pods Resources */,
				22C97B6B26208DC6220F51BA /* Embed Pods Frameworks */,
			);
			buildRules = (
			);
			dependencies = (
			);
			name = HuoBanMall;
			productName = HuoBanMall;
			productReference = EF6AB1791B87241900C9F114 /* HuoBanMall.app */;
			productType = "com.apple.product-type.application";
		};
		EF6AB1911B87241A00C9F114 /* HuoBanMallTests */ = {
			isa = PBXNativeTarget;
			buildConfigurationList = EF6AB19F1B87241A00C9F114 /* Build configuration list for PBXNativeTarget "HuoBanMallTests" */;
			buildPhases = (
				EF6AB18E1B87241A00C9F114 /* Sources */,
				EF6AB18F1B87241A00C9F114 /* Frameworks */,
				EF6AB1901B87241A00C9F114 /* Resources */,
			);
			buildRules = (
			);
			dependencies = (
				EF6AB1941B87241A00C9F114 /* PBXTargetDependency */,
			);
			name = HuoBanMallTests;
			productName = HuoBanMallTests;
			productReference = EF6AB1921B87241A00C9F114 /* HuoBanMallTests.xctest */;
			productType = "com.apple.product-type.bundle.unit-test";
		};
/* End PBXNativeTarget section */

/* Begin PBXProject section */
		EF6AB1711B87241900C9F114 /* Project object */ = {
			isa = PBXProject;
			attributes = {
				CLASSPREFIX = HT;
				LastUpgradeCheck = 0640;
				ORGANIZATIONNAME = HT;
				TargetAttributes = {
					EF6AB1781B87241900C9F114 = {
						CreatedOnToolsVersion = 6.4;
						DevelopmentTeam = 3Z4NZSRMPF;
					};
					EF6AB1911B87241A00C9F114 = {
						CreatedOnToolsVersion = 6.4;
						DevelopmentTeam = Q3B3AD6JJH;
						TestTargetID = EF6AB1781B87241900C9F114;
					};
				};
			};
			buildConfigurationList = EF6AB1741B87241900C9F114 /* Build configuration list for PBXProject "HuoBanMall" */;
			compatibilityVersion = "Xcode 3.2";
			developmentRegion = English;
			hasScannedForEncodings = 0;
			knownRegions = (
				en,
				Base,
			);
			mainGroup = EF6AB1701B87241900C9F114;
			productRefGroup = EF6AB17A1B87241900C9F114 /* Products */;
			projectDirPath = "";
			projectRoot = "";
			targets = (
				EF6AB1781B87241900C9F114 /* HuoBanMall */,
				EF6AB1911B87241A00C9F114 /* HuoBanMallTests */,
			);
		};
/* End PBXProject section */

/* Begin PBXResourcesBuildPhase section */
		EF6AB1771B87241900C9F114 /* Resources */ = {
			isa = PBXResourcesBuildPhase;
			buildActionMask = 2147483647;
			files = (
				83737D2F1BA7BA4B000BD2D4 /* FootView.xib in Resources */,
				839E6E051BA95B910084A08D /* NewOrdorCell.xib in Resources */,
				83737D341BA816E4000BD2D4 /* NewFootView.xib in Resources */,
				83737D2A1BA7B8F0000BD2D4 /* HeadView.xib in Resources */,
				830778691B9E7BC7002AF0FD /* ManagementCell.xib in Resources */,
				83AA7FBD1BC789F200EF5919 /* FeedBackViewController.xib in Resources */,
				EF73D17B1B8C02A0004A7B37 /* cityCode.plist in Resources */,
				EF6AB1881B87241A00C9F114 /* Main.storyboard in Resources */,
				EF6AB18D1B87241A00C9F114 /* LaunchScreen.xib in Resources */,
				83737D231BA7B4AC000BD2D4 /* OrdorCell.xib in Resources */,
				EF6AB18A1B87241A00C9F114 /* Images.xcassets in Resources */,
				EF7859981BA7F366002A0626 /* HTMidOrderCell.xib in Resources */,
				836B3AC51B8C077E00813281 /* InfoPlist.strings in Resources */,
				EF7C4C4B1BAD347400DB4ABD /* HTXQFLCell.xib in Resources */,
				834728EB1B8C51C6005B72F9 /* LoginViewController.xib in Resources */,
				834728E91B8C51C6005B72F9 /* findBackPwViewController.xib in Resources */,
				EF7859A91BA93A5F002A0626 /* ExpressCompany.xib in Resources */,
				8372E4201BA2BA27007146BD /* MJRefresh.bundle in Resources */,
				83FC6F1E1BCF3C5E00962602 /* HTTopTenGoodCell.xib in Resources */,
			);
			runOnlyForDeploymentPostprocessing = 0;
		};
		EF6AB1901B87241A00C9F114 /* Resources */ = {
			isa = PBXResourcesBuildPhase;
			buildActionMask = 2147483647;
			files = (
			);
			runOnlyForDeploymentPostprocessing = 0;
		};
/* End PBXResourcesBuildPhase section */

/* Begin PBXShellScriptBuildPhase section */
		22C97B6B26208DC6220F51BA /* Embed Pods Frameworks */ = {
			isa = PBXShellScriptBuildPhase;
			buildActionMask = 2147483647;
			files = (
			);
			inputPaths = (
			);
			name = "Embed Pods Frameworks";
			outputPaths = (
			);
			runOnlyForDeploymentPostprocessing = 0;
			shellPath = /bin/sh;
			shellScript = "\"${SRCROOT}/Pods/Target Support Files/Pods/Pods-frameworks.sh\"\n";
			showEnvVarsInLog = 0;
		};
		2B3EF184BF4C1E5A05180C85 /* Check Pods Manifest.lock */ = {
			isa = PBXShellScriptBuildPhase;
			buildActionMask = 2147483647;
			files = (
			);
			inputPaths = (
			);
			name = "Check Pods Manifest.lock";
			outputPaths = (
			);
			runOnlyForDeploymentPostprocessing = 0;
			shellPath = /bin/sh;
			shellScript = "diff \"${PODS_ROOT}/../Podfile.lock\" \"${PODS_ROOT}/Manifest.lock\" > /dev/null\nif [[ $? != 0 ]] ; then\n    cat << EOM\nerror: The sandbox is not in sync with the Podfile.lock. Run 'pod install' or update your CocoaPods installation.\nEOM\n    exit 1\nfi\n";
			showEnvVarsInLog = 0;
		};
		F21158D331F0047B311CCEC7 /* Copy Pods Resources */ = {
			isa = PBXShellScriptBuildPhase;
			buildActionMask = 2147483647;
			files = (
			);
			inputPaths = (
			);
			name = "Copy Pods Resources";
			outputPaths = (
			);
			runOnlyForDeploymentPostprocessing = 0;
			shellPath = /bin/sh;
			shellScript = "\"${SRCROOT}/Pods/Target Support Files/Pods/Pods-resources.sh\"\n";
			showEnvVarsInLog = 0;
		};
/* End PBXShellScriptBuildPhase section */

/* Begin PBXSourcesBuildPhase section */
		EF6AB1751B87241900C9F114 /* Sources */ = {
			isa = PBXSourcesBuildPhase;
			buildActionMask = 2147483647;
			files = (
				8372E4231BA2BA27007146BD /* MJRefreshFooterView.m in Sources */,
				83D3EDFA1B93EA2900454A0E /* UIViewController+NAV.m in Sources */,
				EF98A8271BAC35DD0087BB60 /* HTTopTenGoodsController.m in Sources */,
				EF78599B1BA81A32002A0626 /* HTStatisticsController.m in Sources */,
				8354C0111BAD267900A51EB9 /* MenListModel.m in Sources */,
				834D13CA1BB518C000893120 /* MCController.m in Sources */,
				83CA648C1B8AC4E1008B5461 /* ManagementController.m in Sources */,
				EF8B72E91BB3F41100B9105B /* HTJiFenModel.m in Sources */,
				83497D031BB38A47001E5DB7 /* OrdorModel.m in Sources */,
				EF6B32B81B904B2B00A6B46D /* HTHomeViewController.m in Sources */,
				83737D2D1BA7BA3B000BD2D4 /* FootView.m in Sources */,
				8372E4251BA2BA27007146BD /* UIScrollView+MJExtension.m in Sources */,
				834728E71B8C51C6005B72F9 /* ChangePasswordController.m in Sources */,
				838895C61BAAAFC1008408AE /* SaleModel.m in Sources */,
				EF8B72E31BB3C93C00B9105B /* HTWuliuModel.m in Sources */,
				EF61A0C91B93F3FE0008A82C /* MJType.m in Sources */,
				EF73D16C1B8BFAB6004A7B37 /* UITableView+CJ.m in Sources */,
				83D4572C1B8AA7910027D452 /* UserLoginTool.m in Sources */,
				83737D321BA816C6000BD2D4 /* NewFootView.m in Sources */,
				8372E4221BA2BA27007146BD /* MJRefreshConst.m in Sources */,
				EF6AB1851B87241A00C9F114 /* ViewController.m in Sources */,
				EF7859901BA7B0EC002A0626 /* HTOrderDetail.m in Sources */,
				83737D261BA7B7AD000BD2D4 /* HeadView.m in Sources */,
				EF6B32AF1B9044AA00A6B46D /* HTHuoBanNavgationViewController.m in Sources */,
				EF7859931BA7BB0B002A0626 /* HTOrderDetailModel.m in Sources */,
				EF8B72EC1BB4181100B9105B /* HTTopTenModel.m in Sources */,
				EF98A82A1BAC36E00087BB60 /* HTTopTenGoodCell.m in Sources */,
				834728F21B8C6F61005B72F9 /* PushViewController.m in Sources */,
				834D13D31BB5194200893120 /* Message.m in Sources */,
				EF73D1791B8C0103004A7B37 /* MD5Encryption.m in Sources */,
				EF73D16B1B8BFAB6004A7B37 /* NSString+EXTERN.m in Sources */,
				EF7859971BA7F366002A0626 /* HTMidOrderCell.m in Sources */,
				EF78599E1BA8FE26002A0626 /* HTTStatisticCell.m in Sources */,
				EF7C4C4A1BAD347400DB4ABD /* HTXQFLCell.m in Sources */,
				836CEAD91B9C2BE7005074DA /* HTupData.m in Sources */,
				EF61A0CC1B93F3FE0008A82C /* NSObject+MJKeyValue.m in Sources */,
				8372E4241BA2BA27007146BD /* MJRefreshHeaderView.m in Sources */,
				83B4F2B01BA6B47F009D6631 /* MoreDataModel.m in Sources */,
				EF73D16D1B8BFAB6004A7B37 /* UITextField+HT.m in Sources */,
				EF61A0C31B93F3FE0008A82C /* MJArgument.m in Sources */,
				EFB67CC81B8B0C5A0037547A /* HTDataStatisViewController.m in Sources */,
				EF73D16A1B8BFAB6004A7B37 /* NSDictionary+EXTERN.m in Sources */,
				EF6AB1821B87241900C9F114 /* AppDelegate.m in Sources */,
				EF61A0901B93E8C50008A82C /* HTGlobal.m in Sources */,
				EF7859A11BA904AE002A0626 /* HTStatisticsModel.m in Sources */,
				8372E4211BA2BA27007146BD /* MJRefreshBaseView.m in Sources */,
				839E6E041BA95B910084A08D /* NewOrdorCell.m in Sources */,
				EF61A0C51B93F3FE0008A82C /* MJFoundation.m in Sources */,
				836CEAD61B9C2B48005074DA /* HTResultData.m in Sources */,
				839E6E081BA96C590084A08D /* OrdorListModel.m in Sources */,
				8389FA111B8D86710003FCDE /* WebController.m in Sources */,
				834728E81B8C51C6005B72F9 /* findBackPwViewController.m in Sources */,
				EF61A08D1B93E4B00008A82C /* HTUser.m in Sources */,
				EF73D1691B8BFAB6004A7B37 /* NSData+NSDataDeal.m in Sources */,
				EF6A82CE1BB27689005094B1 /* HTBaseModel.m in Sources */,
				EF6AB17F1B87241900C9F114 /* main.m in Sources */,
				83CA64891B8AC3BB008B5461 /* ManagementModel.m in Sources */,
				834728EA1B8C51C6005B72F9 /* LoginViewController.m in Sources */,
				83497D061BB38D8B001E5DB7 /* GoodModel.m in Sources */,
				EF61A0CB1B93F3FE0008A82C /* NSObject+MJCoding.m in Sources */,
				8372E4271BA2BA27007146BD /* UIView+MJExtension.m in Sources */,
				EF61A0C81B93F3FE0008A82C /* MJMethod.m in Sources */,
				EF61A0C71B93F3FE0008A82C /* MJMember.m in Sources */,
				8389FA0D1B8D5A380003FCDE /* DescribeController.m in Sources */,
				EF61A0CD1B93F3FE0008A82C /* NSObject+MJMember.m in Sources */,
				EF61A0C61B93F3FE0008A82C /* MJIvar.m in Sources */,
				83737D1E1BA7AFAA000BD2D4 /* OrdorController.m in Sources */,
				834728EF1B8C66B3005B72F9 /* FMButton.m in Sources */,
				EF7859A41BA939D1002A0626 /* HTCheckLogisticsController.m in Sources */,
				83737D221BA7B4AC000BD2D4 /* OrdorCell.m in Sources */,
				830778681B9E7BC7002AF0FD /* ManagementCell.m in Sources */,
				EF61A0CA1B93F3FE0008A82C /* MJTypeEncoding.m in Sources */,
				EF8B72E61BB3CAFA00B9105B /* HTWuLiuStatus.m in Sources */,
				EF73D1771B8C0103004A7B37 /* Base64Util.m in Sources */,
				83B4F2AC1BA66263009D6631 /* NewTodayModel.m in Sources */,
				EF7859A81BA93A5F002A0626 /* ExpressCompany.m in Sources */,
				8372E4261BA2BA27007146BD /* UIScrollView+MJRefresh.m in Sources */,
				EF73D1781B8C0103004A7B37 /* GTMBase64.m in Sources */,
				834D13CD1BB518EC00893120 /* MessageTableViewCell.m in Sources */,
				EF0790A91B9DAF5A0007C3D3 /* HTToJudgeLoginFlag.m in Sources */,
				EF78598D1BA7AE4E002A0626 /* OrderManagerDetailsController.m in Sources */,
				EF61A0C41B93F3FE0008A82C /* MJConst.m in Sources */,
				EF6A82D11BB289F0005094B1 /* HTXiaoShouModel.m in Sources */,
				83D390871B9DB92800879569 /* MoreDataViewController.m in Sources */,
				834D13D01BB5191C00893120 /* MessageFrame.m in Sources */,
				834728D31B8C0D8C005B72F9 /* SettingViewController.m in Sources */,
				8389FA0A1B8D59940003FCDE /* AmendController.m in Sources */,
				83AA7FBC1BC789F200EF5919 /* FeedBackViewController.m in Sources */,
			);
			runOnlyForDeploymentPostprocessing = 0;
		};
		EF6AB18E1B87241A00C9F114 /* Sources */ = {
			isa = PBXSourcesBuildPhase;
			buildActionMask = 2147483647;
			files = (
				EF6AB1991B87241A00C9F114 /* HuoBanMallTests.m in Sources */,
			);
			runOnlyForDeploymentPostprocessing = 0;
		};
/* End PBXSourcesBuildPhase section */

/* Begin PBXTargetDependency section */
		EF6AB1941B87241A00C9F114 /* PBXTargetDependency */ = {
			isa = PBXTargetDependency;
			target = EF6AB1781B87241900C9F114 /* HuoBanMall */;
			targetProxy = EF6AB1931B87241A00C9F114 /* PBXContainerItemProxy */;
		};
/* End PBXTargetDependency section */

/* Begin PBXVariantGroup section */
		EF6AB1861B87241A00C9F114 /* Main.storyboard */ = {
			isa = PBXVariantGroup;
			children = (
				EF6AB1871B87241A00C9F114 /* Base */,
			);
			name = Main.storyboard;
			sourceTree = "<group>";
		};
		EF6AB18B1B87241A00C9F114 /* LaunchScreen.xib */ = {
			isa = PBXVariantGroup;
			children = (
				EF6AB18C1B87241A00C9F114 /* Base */,
			);
			name = LaunchScreen.xib;
			sourceTree = "<group>";
		};
/* End PBXVariantGroup section */

/* Begin XCBuildConfiguration section */
		EF6AB19A1B87241A00C9F114 /* Debug */ = {
			isa = XCBuildConfiguration;
			buildSettings = {
				ALWAYS_SEARCH_USER_PATHS = NO;
				CLANG_CXX_LANGUAGE_STANDARD = "gnu++0x";
				CLANG_CXX_LIBRARY = "libc++";
				CLANG_ENABLE_MODULES = YES;
				CLANG_ENABLE_OBJC_ARC = YES;
				CLANG_WARN_BOOL_CONVERSION = YES;
				CLANG_WARN_CONSTANT_CONVERSION = YES;
				CLANG_WARN_DIRECT_OBJC_ISA_USAGE = YES_ERROR;
				CLANG_WARN_EMPTY_BODY = YES;
				CLANG_WARN_ENUM_CONVERSION = YES;
				CLANG_WARN_INT_CONVERSION = YES;
				CLANG_WARN_OBJC_ROOT_CLASS = YES_ERROR;
				CLANG_WARN_UNREACHABLE_CODE = YES;
				CLANG_WARN__DUPLICATE_METHOD_MATCH = YES;
				"CODE_SIGN_IDENTITY[sdk=iphoneos*]" = "iPhone Developer";
				COPY_PHASE_STRIP = NO;
				DEBUG_INFORMATION_FORMAT = "dwarf-with-dsym";
				ENABLE_STRICT_OBJC_MSGSEND = YES;
				GCC_C_LANGUAGE_STANDARD = gnu99;
				GCC_DYNAMIC_NO_PIC = NO;
				GCC_NO_COMMON_BLOCKS = YES;
				GCC_OPTIMIZATION_LEVEL = 0;
				GCC_PREPROCESSOR_DEFINITIONS = (
					"DEBUG=1",
					"$(inherited)",
				);
				GCC_SYMBOLS_PRIVATE_EXTERN = NO;
				GCC_WARN_64_TO_32_BIT_CONVERSION = YES;
				GCC_WARN_ABOUT_RETURN_TYPE = YES_ERROR;
				GCC_WARN_UNDECLARED_SELECTOR = YES;
				GCC_WARN_UNINITIALIZED_AUTOS = YES_AGGRESSIVE;
				GCC_WARN_UNUSED_FUNCTION = YES;
				GCC_WARN_UNUSED_VARIABLE = YES;
				IPHONEOS_DEPLOYMENT_TARGET = 8.4;
				MTL_ENABLE_DEBUG_INFO = YES;
				ONLY_ACTIVE_ARCH = YES;
				PROVISIONING_PROFILE = "";
				SDKROOT = iphoneos;
				TARGETED_DEVICE_FAMILY = "1,2";
			};
			name = Debug;
		};
		EF6AB19B1B87241A00C9F114 /* Release */ = {
			isa = XCBuildConfiguration;
			buildSettings = {
				ALWAYS_SEARCH_USER_PATHS = NO;
				CLANG_CXX_LANGUAGE_STANDARD = "gnu++0x";
				CLANG_CXX_LIBRARY = "libc++";
				CLANG_ENABLE_MODULES = YES;
				CLANG_ENABLE_OBJC_ARC = YES;
				CLANG_WARN_BOOL_CONVERSION = YES;
				CLANG_WARN_CONSTANT_CONVERSION = YES;
				CLANG_WARN_DIRECT_OBJC_ISA_USAGE = YES_ERROR;
				CLANG_WARN_EMPTY_BODY = YES;
				CLANG_WARN_ENUM_CONVERSION = YES;
				CLANG_WARN_INT_CONVERSION = YES;
				CLANG_WARN_OBJC_ROOT_CLASS = YES_ERROR;
				CLANG_WARN_UNREACHABLE_CODE = YES;
				CLANG_WARN__DUPLICATE_METHOD_MATCH = YES;
				"CODE_SIGN_IDENTITY[sdk=iphoneos*]" = "iPhone Developer";
				COPY_PHASE_STRIP = NO;
				DEBUG_INFORMATION_FORMAT = "dwarf-with-dsym";
				ENABLE_NS_ASSERTIONS = NO;
				ENABLE_STRICT_OBJC_MSGSEND = YES;
				GCC_C_LANGUAGE_STANDARD = gnu99;
				GCC_NO_COMMON_BLOCKS = YES;
				GCC_WARN_64_TO_32_BIT_CONVERSION = YES;
				GCC_WARN_ABOUT_RETURN_TYPE = YES_ERROR;
				GCC_WARN_UNDECLARED_SELECTOR = YES;
				GCC_WARN_UNINITIALIZED_AUTOS = YES_AGGRESSIVE;
				GCC_WARN_UNUSED_FUNCTION = YES;
				GCC_WARN_UNUSED_VARIABLE = YES;
				IPHONEOS_DEPLOYMENT_TARGET = 8.4;
				MTL_ENABLE_DEBUG_INFO = NO;
				PROVISIONING_PROFILE = "";
				SDKROOT = iphoneos;
				TARGETED_DEVICE_FAMILY = "1,2";
				VALIDATE_PRODUCT = YES;
			};
			name = Release;
		};
		EF6AB19D1B87241A00C9F114 /* Debug */ = {
			isa = XCBuildConfiguration;
			baseConfigurationReference = 1590A519FFB44B2DB48962BD /* Pods.debug.xcconfig */;
			buildSettings = {
				ASSETCATALOG_COMPILER_APPICON_NAME = AppIcon;
				ASSETCATALOG_COMPILER_LAUNCHIMAGE_NAME = LaunchImage1;
				CODE_SIGN_IDENTITY = "iPhone Developer";
				"CODE_SIGN_IDENTITY[sdk=iphoneos*]" = "iPhone Developer";
				ENABLE_STRICT_OBJC_MSGSEND = NO;
				GCC_PRECOMPILE_PREFIX_HEADER = YES;
				GCC_PREFIX_HEADER = HuoBanMall/PrefixHeader.pch;
				INFOPLIST_FILE = HuoBanMall/Info.plist;
				IPHONEOS_DEPLOYMENT_TARGET = 7.0;
				LD_RUNPATH_SEARCH_PATHS = "$(inherited) @executable_path/Frameworks";
				PRODUCT_BUNDLE_IDENTIFIER = com.huotu.HuoBanMall;
				PRODUCT_NAME = "$(TARGET_NAME)";
				PROVISIONING_PROFILE = "";
				TARGETED_DEVICE_FAMILY = 1;
			};
			name = Debug;
		};
		EF6AB19E1B87241A00C9F114 /* Release */ = {
			isa = XCBuildConfiguration;
			baseConfigurationReference = 012BCF5BA04A81A24BCFD345 /* Pods.release.xcconfig */;
			buildSettings = {
				ASSETCATALOG_COMPILER_APPICON_NAME = AppIcon;
				ASSETCATALOG_COMPILER_LAUNCHIMAGE_NAME = LaunchImage1;
				CODE_SIGN_IDENTITY = "iPhone Developer";
				"CODE_SIGN_IDENTITY[sdk=iphoneos*]" = "iPhone Developer";
				ENABLE_STRICT_OBJC_MSGSEND = NO;
				GCC_PRECOMPILE_PREFIX_HEADER = YES;
				GCC_PREFIX_HEADER = HuoBanMall/PrefixHeader.pch;
				INFOPLIST_FILE = HuoBanMall/Info.plist;
				IPHONEOS_DEPLOYMENT_TARGET = 7.0;
				LD_RUNPATH_SEARCH_PATHS = "$(inherited) @executable_path/Frameworks";
				PRODUCT_BUNDLE_IDENTIFIER = com.huotu.HuoBanMall;
				PRODUCT_NAME = "$(TARGET_NAME)";
				PROVISIONING_PROFILE = "";
				TARGETED_DEVICE_FAMILY = 1;
			};
			name = Release;
		};
		EF6AB1A01B87241A00C9F114 /* Debug */ = {
			isa = XCBuildConfiguration;
			buildSettings = {
				BUNDLE_LOADER = "$(TEST_HOST)";
				CODE_SIGN_IDENTITY = "iPhone Developer";
				"CODE_SIGN_IDENTITY[sdk=iphoneos*]" = "iPhone Developer";
				FRAMEWORK_SEARCH_PATHS = (
					"$(SDKROOT)/Developer/Library/Frameworks",
					"$(inherited)",
				);
				GCC_PREPROCESSOR_DEFINITIONS = (
					"DEBUG=1",
					"$(inherited)",
				);
				INFOPLIST_FILE = HuoBanMallTests/Info.plist;
				LD_RUNPATH_SEARCH_PATHS = "$(inherited) @executable_path/Frameworks @loader_path/Frameworks";
				PRODUCT_NAME = "$(TARGET_NAME)";
				PROVISIONING_PROFILE = "";
				TEST_HOST = "$(BUILT_PRODUCTS_DIR)/HuoBanMall.app/HuoBanMall";
			};
			name = Debug;
		};
		EF6AB1A11B87241A00C9F114 /* Release */ = {
			isa = XCBuildConfiguration;
			buildSettings = {
				BUNDLE_LOADER = "$(TEST_HOST)";
				CODE_SIGN_IDENTITY = "iPhone Developer";
				"CODE_SIGN_IDENTITY[sdk=iphoneos*]" = "iPhone Developer";
				FRAMEWORK_SEARCH_PATHS = (
					"$(SDKROOT)/Developer/Library/Frameworks",
					"$(inherited)",
				);
				INFOPLIST_FILE = HuoBanMallTests/Info.plist;
				LD_RUNPATH_SEARCH_PATHS = "$(inherited) @executable_path/Frameworks @loader_path/Frameworks";
				PRODUCT_NAME = "$(TARGET_NAME)";
				PROVISIONING_PROFILE = "";
				TEST_HOST = "$(BUILT_PRODUCTS_DIR)/HuoBanMall.app/HuoBanMall";
			};
			name = Release;
		};
/* End XCBuildConfiguration section */

/* Begin XCConfigurationList section */
		EF6AB1741B87241900C9F114 /* Build configuration list for PBXProject "HuoBanMall" */ = {
			isa = XCConfigurationList;
			buildConfigurations = (
				EF6AB19A1B87241A00C9F114 /* Debug */,
				EF6AB19B1B87241A00C9F114 /* Release */,
			);
			defaultConfigurationIsVisible = 0;
			defaultConfigurationName = Release;
		};
		EF6AB19C1B87241A00C9F114 /* Build configuration list for PBXNativeTarget "HuoBanMall" */ = {
			isa = XCConfigurationList;
			buildConfigurations = (
				EF6AB19D1B87241A00C9F114 /* Debug */,
				EF6AB19E1B87241A00C9F114 /* Release */,
			);
			defaultConfigurationIsVisible = 0;
			defaultConfigurationName = Release;
		};
		EF6AB19F1B87241A00C9F114 /* Build configuration list for PBXNativeTarget "HuoBanMallTests" */ = {
			isa = XCConfigurationList;
			buildConfigurations = (
				EF6AB1A01B87241A00C9F114 /* Debug */,
				EF6AB1A11B87241A00C9F114 /* Release */,
			);
			defaultConfigurationIsVisible = 0;
			defaultConfigurationName = Release;
		};
/* End XCConfigurationList section */
	};
	rootObject = EF6AB1711B87241900C9F114 /* Project object */;
}
